{
  "version": 4,
  "terraform_version": "1.13.0",
  "serial": 137,
  "lineage": "5e2b59e6-02b6-a0bc-51af-6bab355c7d82",
  "outputs": {
    "database": {
      "value": [
        "11.1.1.201",
        "11.1.1.202",
        "11.1.1.203"
      ],
      "type": [
        "tuple",
        [
          "string",
          "string",
          "string"
        ]
      ]
    },
    "dns": {
      "value": [
        "11.1.1.204",
        "11.1.1.205",
        "11.1.1.206"
      ],
      "type": [
        "tuple",
        [
          "string",
          "string",
          "string"
        ]
      ]
    },
    "haproxy_ip": {
      "value": "11.1.1.198",
      "type": "string"
    },
    "k8s_master_ips": {
      "value": [
        "11.1.1.190",
        "11.1.1.191",
        "11.1.1.192"
      ],
      "type": [
        "tuple",
        [
          "string",
          "string",
          "string"
        ]
      ]
    },
    "k8s_proxy_ip": {
      "value": "11.1.1.196",
      "type": "string"
    },
    "k8s_storage_ip": {
      "value": "11.1.1.199",
      "type": "string"
    },
    "k8s_workers_ips": {
      "value": [
        "11.1.1.193",
        "11.1.1.194",
        "11.1.1.195"
      ],
      "type": [
        "tuple",
        [
          "string",
          "string",
          "string"
        ]
      ]
    },
    "template_srv_ip": {
      "value": "11.1.1.189",
      "type": "string"
    }
  },
  "resources": [
    {
      "module": "module.database",
      "mode": "managed",
      "type": "proxmox_vm_qemu",
      "name": "database",
      "provider": "provider[\"registry.terraform.io/telmate/proxmox\"]",
      "instances": [
        {
          "index_key": 0,
          "schema_version": 0,
          "attributes": {
            "additional_wait": 5,
            "agent": 1,
            "agent_timeout": 90,
            "args": "",
            "automatic_reboot": true,
            "balloon": 0,
            "bios": "seabios",
            "boot": "order=virtio0",
            "bootdisk": "",
            "ci_wait": null,
            "cicustom": null,
            "cipassword": "",
            "ciupgrade": false,
            "ciuser": "vpsie",
            "clone": "ci001",
            "clone_id": null,
            "clone_wait": 10,
            "cores": 0,
            "cpu": [
              {
                "affinity": "",
                "cores": 2,
                "flags": [],
                "limit": 0,
                "numa": false,
                "sockets": 1,
                "type": "x86-64-v2-AES",
                "units": 0,
                "vcores": 0
              }
            ],
            "cpu_type": "",
            "current_node": "s1vpsie01",
            "default_ipv4_address": "11.1.1.201",
            "default_ipv6_address": "",
            "define_connection_info": true,
            "desc": null,
            "description": "Managed by Terraform.",
            "disk": [],
            "disks": [
              {
                "ide": [
                  {
                    "ide0": [
                      {
                        "cdrom": [],
                        "cloudinit": [
                          {
                            "storage": "local"
                          }
                        ],
                        "disk": [],
                        "ignore": false,
                        "passthrough": []
                      }
                    ],
                    "ide1": [],
                    "ide2": [],
                    "ide3": []
                  }
                ],
                "sata": [],
                "scsi": [],
                "virtio": [
                  {
                    "virtio0": [
                      {
                        "cdrom": [],
                        "disk": [
                          {
                            "asyncio": "",
                            "backup": true,
                            "cache": "",
                            "discard": true,
                            "format": "qcow2",
                            "id": 0,
                            "iops_r_burst": 0,
                            "iops_r_burst_length": 0,
                            "iops_r_concurrent": 0,
                            "iops_wr_burst": 0,
                            "iops_wr_burst_length": 0,
                            "iops_wr_concurrent": 0,
                            "iothread": true,
                            "linked_disk_id": -1,
                            "mbps_r_burst": 0,
                            "mbps_r_concurrent": 0,
                            "mbps_wr_burst": 0,
                            "mbps_wr_concurrent": 0,
                            "readonly": false,
                            "replicate": false,
                            "serial": "",
                            "size": "40G",
                            "storage": "local",
                            "wwn": ""
                          }
                        ],
                        "ignore": false,
                        "passthrough": []
                      }
                    ],
                    "virtio1": [],
                    "virtio10": [],
                    "virtio11": [],
                    "virtio12": [],
                    "virtio13": [],
                    "virtio14": [],
                    "virtio15": [],
                    "virtio2": [],
                    "virtio3": [],
                    "virtio4": [],
                    "virtio5": [],
                    "virtio6": [],
                    "virtio7": [],
                    "virtio8": [],
                    "virtio9": []
                  }
                ]
              }
            ],
            "efidisk": [],
            "force_create": false,
            "force_recreate_on_change_of": null,
            "full_clone": true,
            "hagroup": "",
            "hastate": "",
            "hostpci": [],
            "hotplug": "network,disk,usb",
            "id": "s1vpsie01/qemu/201",
            "ipconfig0": "ip=11.1.1.201/24,gw=11.1.1.1",
            "ipconfig1": null,
            "ipconfig10": null,
            "ipconfig11": null,
            "ipconfig12": null,
            "ipconfig13": null,
            "ipconfig14": null,
            "ipconfig15": null,
            "ipconfig2": null,
            "ipconfig3": null,
            "ipconfig4": null,
            "ipconfig5": null,
            "ipconfig6": null,
            "ipconfig7": null,
            "ipconfig8": null,
            "ipconfig9": null,
            "kvm": true,
            "linked_vmid": 0,
            "machine": "",
            "memory": 2048,
            "name": "demo-k8sdatabase01",
            "nameserver": null,
            "network": [
              {
                "bridge": "vmbr10",
                "firewall": false,
                "id": 0,
                "link_down": false,
                "macaddr": "bc:24:11:c0:a4:f1",
                "model": "virtio",
                "mtu": 0,
                "queues": 0,
                "rate": 0,
                "tag": 1
              }
            ],
            "numa": false,
            "onboot": false,
            "os_network_config": null,
            "os_type": "cloud-init",
            "pci": [],
            "pcis": [],
            "pool": "",
            "protection": false,
            "pxe": null,
            "qemu_os": "l26",
            "reboot_required": false,
            "rng": [],
            "scsihw": "virtio-scsi-pci",
            "searchdomain": null,
            "serial": [],
            "skip_ipv4": false,
            "skip_ipv6": false,
            "smbios": [
              {
                "family": "",
                "manufacturer": "",
                "product": "",
                "serial": "",
                "sku": "",
                "uuid": "e7cba328-a7c0-4e75-8427-98ae223e5512",
                "version": ""
              }
            ],
            "sockets": 0,
            "ssh_forward_ip": null,
            "ssh_host": "11.1.1.201",
            "ssh_port": "22",
            "ssh_private_key": null,
            "ssh_user": null,
            "sshkeys": "ssh-rsa AAAAB3NzaC1yc2EAAAADAQABAAACAQCTEv94K1Fdq5Hksz6ltZGQAXtam8olX/BXzKLfai9PrAG9sEJdhNLqIdVj0Jffq2z3xw3oLaKNYmlb5zv4UYxeAG7AOIVKNXPTInbbpkbg5mO8iuLOdoCIDOqa5Zv9SdVCNWG+K45pXtKqHUUlyODOdsWn/JcvSL2vP1Np93qilvObA2ueXnDAEFKEbOrtiIZiyI/oxfX7VBWSfMQHFrJgNyiXphhj7xH/8iZeuXAF70q4x+a+hAP+hwqbHQbR15X68jypwfSBut199o+2pUNFqB8IMlCLwUzJH1ZG2Ho6tHeWMOfa1Nbzu5vbEtPjtUGw/qbmoJ94TI4z1mebiJiIxA1h9SJFZ85FmMwVopy5fso36Bz58OWUlFBBwj5brXapDI5AGXgDBvX1TE77Rl27xJ2J0UWnp9mLtC8HvWw/ea8ZFXMK1A9M8QHhyY/NTAJJM43C523GVVbdF/fcYnQq2ZyQHvMknR64cZqI0Qq1I5IhtHj6Qx1N3iuGaMqXdumOqTjmnSnIgT5HWOJwJpgjbHxIGFWjUtZUf1/q+aqQlPQBqRfeps6LPonF0nsXE3pZHQvXLo0bg01h5CbBZucjeTLJUwDUs8YibTnTwL7eTJEsUa5x5XEaqOlxaETbv59hwIDktH9KmiRdnCjpsjHKzicmA+3REnYzR8n93IqGJQ== amattar@proton.me\n",
            "startup": "",
            "tablet": true,
            "tags": "vpsie_vcop_demo_k8sdatabase_01",
            "target_node": "s1vpsie01",
            "target_nodes": null,
            "timeouts": null,
            "tpm_state": [],
            "unused_disk": [],
            "usb": [],
            "usbs": [],
            "vcpus": 0,
            "vga": [],
            "vm_state": "running",
            "vmid": 201
          },
          "sensitive_attributes": [
            [
              {
                "type": "get_attr",
                "value": "cipassword"
              }
            ],
            [
              {
                "type": "get_attr",
                "value": "ssh_private_key"
              }
            ]
          ],
          "identity_schema_version": 0,
          "private": "eyJlMmJmYjczMC1lY2FhLTExZTYtOGY4OC0zNDM2M2JjN2M0YzAiOnsiY3JlYXRlIjoxMjAwMDAwMDAwMDAwLCJkZWZhdWx0IjoxMjAwMDAwMDAwMDAwLCJkZWxldGUiOjEyMDAwMDAwMDAwMDAsInJlYWQiOjEyMDAwMDAwMDAwMDAsInVwZGF0ZSI6MTIwMDAwMDAwMDAwMH19"
        },
        {
          "index_key": 1,
          "schema_version": 0,
          "attributes": {
            "additional_wait": 5,
            "agent": 1,
            "agent_timeout": 90,
            "args": "",
            "automatic_reboot": true,
            "balloon": 0,
            "bios": "seabios",
            "boot": "order=virtio0",
            "bootdisk": "",
            "ci_wait": null,
            "cicustom": null,
            "cipassword": "",
            "ciupgrade": false,
            "ciuser": "vpsie",
            "clone": "ci001",
            "clone_id": null,
            "clone_wait": 10,
            "cores": 0,
            "cpu": [
              {
                "affinity": "",
                "cores": 2,
                "flags": [],
                "limit": 0,
                "numa": false,
                "sockets": 1,
                "type": "x86-64-v2-AES",
                "units": 0,
                "vcores": 0
              }
            ],
            "cpu_type": "",
            "current_node": "s1vpsie01",
            "default_ipv4_address": "11.1.1.202",
            "default_ipv6_address": "",
            "define_connection_info": true,
            "desc": null,
            "description": "Managed by Terraform.",
            "disk": [],
            "disks": [
              {
                "ide": [
                  {
                    "ide0": [
                      {
                        "cdrom": [],
                        "cloudinit": [
                          {
                            "storage": "local"
                          }
                        ],
                        "disk": [],
                        "ignore": false,
                        "passthrough": []
                      }
                    ],
                    "ide1": [],
                    "ide2": [],
                    "ide3": []
                  }
                ],
                "sata": [],
                "scsi": [],
                "virtio": [
                  {
                    "virtio0": [
                      {
                        "cdrom": [],
                        "disk": [
                          {
                            "asyncio": "",
                            "backup": true,
                            "cache": "",
                            "discard": true,
                            "format": "qcow2",
                            "id": 0,
                            "iops_r_burst": 0,
                            "iops_r_burst_length": 0,
                            "iops_r_concurrent": 0,
                            "iops_wr_burst": 0,
                            "iops_wr_burst_length": 0,
                            "iops_wr_concurrent": 0,
                            "iothread": true,
                            "linked_disk_id": -1,
                            "mbps_r_burst": 0,
                            "mbps_r_concurrent": 0,
                            "mbps_wr_burst": 0,
                            "mbps_wr_concurrent": 0,
                            "readonly": false,
                            "replicate": false,
                            "serial": "",
                            "size": "40G",
                            "storage": "local",
                            "wwn": ""
                          }
                        ],
                        "ignore": false,
                        "passthrough": []
                      }
                    ],
                    "virtio1": [],
                    "virtio10": [],
                    "virtio11": [],
                    "virtio12": [],
                    "virtio13": [],
                    "virtio14": [],
                    "virtio15": [],
                    "virtio2": [],
                    "virtio3": [],
                    "virtio4": [],
                    "virtio5": [],
                    "virtio6": [],
                    "virtio7": [],
                    "virtio8": [],
                    "virtio9": []
                  }
                ]
              }
            ],
            "efidisk": [],
            "force_create": false,
            "force_recreate_on_change_of": null,
            "full_clone": true,
            "hagroup": "",
            "hastate": "",
            "hostpci": [],
            "hotplug": "network,disk,usb",
            "id": "s1vpsie01/qemu/202",
            "ipconfig0": "ip=11.1.1.202/24,gw=11.1.1.1",
            "ipconfig1": null,
            "ipconfig10": null,
            "ipconfig11": null,
            "ipconfig12": null,
            "ipconfig13": null,
            "ipconfig14": null,
            "ipconfig15": null,
            "ipconfig2": null,
            "ipconfig3": null,
            "ipconfig4": null,
            "ipconfig5": null,
            "ipconfig6": null,
            "ipconfig7": null,
            "ipconfig8": null,
            "ipconfig9": null,
            "kvm": true,
            "linked_vmid": 0,
            "machine": "",
            "memory": 2048,
            "name": "demo-k8sdatabase02",
            "nameserver": null,
            "network": [
              {
                "bridge": "vmbr10",
                "firewall": false,
                "id": 0,
                "link_down": false,
                "macaddr": "bc:24:11:57:5d:e4",
                "model": "virtio",
                "mtu": 0,
                "queues": 0,
                "rate": 0,
                "tag": 1
              }
            ],
            "numa": false,
            "onboot": false,
            "os_network_config": null,
            "os_type": "cloud-init",
            "pci": [],
            "pcis": [],
            "pool": "",
            "protection": false,
            "pxe": null,
            "qemu_os": "l26",
            "reboot_required": false,
            "rng": [],
            "scsihw": "virtio-scsi-pci",
            "searchdomain": null,
            "serial": [],
            "skip_ipv4": false,
            "skip_ipv6": false,
            "smbios": [
              {
                "family": "",
                "manufacturer": "",
                "product": "",
                "serial": "",
                "sku": "",
                "uuid": "4e7e5580-3ea8-4890-b053-d707b44d73d1",
                "version": ""
              }
            ],
            "sockets": 0,
            "ssh_forward_ip": null,
            "ssh_host": "11.1.1.202",
            "ssh_port": "22",
            "ssh_private_key": null,
            "ssh_user": null,
            "sshkeys": "ssh-rsa AAAAB3NzaC1yc2EAAAADAQABAAACAQCTEv94K1Fdq5Hksz6ltZGQAXtam8olX/BXzKLfai9PrAG9sEJdhNLqIdVj0Jffq2z3xw3oLaKNYmlb5zv4UYxeAG7AOIVKNXPTInbbpkbg5mO8iuLOdoCIDOqa5Zv9SdVCNWG+K45pXtKqHUUlyODOdsWn/JcvSL2vP1Np93qilvObA2ueXnDAEFKEbOrtiIZiyI/oxfX7VBWSfMQHFrJgNyiXphhj7xH/8iZeuXAF70q4x+a+hAP+hwqbHQbR15X68jypwfSBut199o+2pUNFqB8IMlCLwUzJH1ZG2Ho6tHeWMOfa1Nbzu5vbEtPjtUGw/qbmoJ94TI4z1mebiJiIxA1h9SJFZ85FmMwVopy5fso36Bz58OWUlFBBwj5brXapDI5AGXgDBvX1TE77Rl27xJ2J0UWnp9mLtC8HvWw/ea8ZFXMK1A9M8QHhyY/NTAJJM43C523GVVbdF/fcYnQq2ZyQHvMknR64cZqI0Qq1I5IhtHj6Qx1N3iuGaMqXdumOqTjmnSnIgT5HWOJwJpgjbHxIGFWjUtZUf1/q+aqQlPQBqRfeps6LPonF0nsXE3pZHQvXLo0bg01h5CbBZucjeTLJUwDUs8YibTnTwL7eTJEsUa5x5XEaqOlxaETbv59hwIDktH9KmiRdnCjpsjHKzicmA+3REnYzR8n93IqGJQ== amattar@proton.me\n",
            "startup": "",
            "tablet": true,
            "tags": "vpsie_vcop_demo_k8sdatabase_02",
            "target_node": "s1vpsie01",
            "target_nodes": null,
            "timeouts": null,
            "tpm_state": [],
            "unused_disk": [],
            "usb": [],
            "usbs": [],
            "vcpus": 0,
            "vga": [],
            "vm_state": "running",
            "vmid": 202
          },
          "sensitive_attributes": [
            [
              {
                "type": "get_attr",
                "value": "cipassword"
              }
            ],
            [
              {
                "type": "get_attr",
                "value": "ssh_private_key"
              }
            ]
          ],
          "identity_schema_version": 0,
          "private": "eyJlMmJmYjczMC1lY2FhLTExZTYtOGY4OC0zNDM2M2JjN2M0YzAiOnsiY3JlYXRlIjoxMjAwMDAwMDAwMDAwLCJkZWZhdWx0IjoxMjAwMDAwMDAwMDAwLCJkZWxldGUiOjEyMDAwMDAwMDAwMDAsInJlYWQiOjEyMDAwMDAwMDAwMDAsInVwZGF0ZSI6MTIwMDAwMDAwMDAwMH19"
        },
        {
          "index_key": 2,
          "schema_version": 0,
          "attributes": {
            "additional_wait": 5,
            "agent": 1,
            "agent_timeout": 90,
            "args": "",
            "automatic_reboot": true,
            "balloon": 0,
            "bios": "seabios",
            "boot": "order=virtio0",
            "bootdisk": "",
            "ci_wait": null,
            "cicustom": null,
            "cipassword": "",
            "ciupgrade": false,
            "ciuser": "vpsie",
            "clone": "ci001",
            "clone_id": null,
            "clone_wait": 10,
            "cores": 0,
            "cpu": [
              {
                "affinity": "",
                "cores": 2,
                "flags": [],
                "limit": 0,
                "numa": false,
                "sockets": 1,
                "type": "x86-64-v2-AES",
                "units": 0,
                "vcores": 0
              }
            ],
            "cpu_type": "",
            "current_node": "s1vpsie01",
            "default_ipv4_address": "11.1.1.203",
            "default_ipv6_address": "",
            "define_connection_info": true,
            "desc": null,
            "description": "Managed by Terraform.",
            "disk": [],
            "disks": [
              {
                "ide": [
                  {
                    "ide0": [
                      {
                        "cdrom": [],
                        "cloudinit": [
                          {
                            "storage": "local"
                          }
                        ],
                        "disk": [],
                        "ignore": false,
                        "passthrough": []
                      }
                    ],
                    "ide1": [],
                    "ide2": [],
                    "ide3": []
                  }
                ],
                "sata": [],
                "scsi": [],
                "virtio": [
                  {
                    "virtio0": [
                      {
                        "cdrom": [],
                        "disk": [
                          {
                            "asyncio": "",
                            "backup": true,
                            "cache": "",
                            "discard": true,
                            "format": "qcow2",
                            "id": 0,
                            "iops_r_burst": 0,
                            "iops_r_burst_length": 0,
                            "iops_r_concurrent": 0,
                            "iops_wr_burst": 0,
                            "iops_wr_burst_length": 0,
                            "iops_wr_concurrent": 0,
                            "iothread": true,
                            "linked_disk_id": -1,
                            "mbps_r_burst": 0,
                            "mbps_r_concurrent": 0,
                            "mbps_wr_burst": 0,
                            "mbps_wr_concurrent": 0,
                            "readonly": false,
                            "replicate": false,
                            "serial": "",
                            "size": "40G",
                            "storage": "local",
                            "wwn": ""
                          }
                        ],
                        "ignore": false,
                        "passthrough": []
                      }
                    ],
                    "virtio1": [],
                    "virtio10": [],
                    "virtio11": [],
                    "virtio12": [],
                    "virtio13": [],
                    "virtio14": [],
                    "virtio15": [],
                    "virtio2": [],
                    "virtio3": [],
                    "virtio4": [],
                    "virtio5": [],
                    "virtio6": [],
                    "virtio7": [],
                    "virtio8": [],
                    "virtio9": []
                  }
                ]
              }
            ],
            "efidisk": [],
            "force_create": false,
            "force_recreate_on_change_of": null,
            "full_clone": true,
            "hagroup": "",
            "hastate": "",
            "hostpci": [],
            "hotplug": "network,disk,usb",
            "id": "s1vpsie01/qemu/203",
            "ipconfig0": "ip=11.1.1.203/24,gw=11.1.1.1",
            "ipconfig1": null,
            "ipconfig10": null,
            "ipconfig11": null,
            "ipconfig12": null,
            "ipconfig13": null,
            "ipconfig14": null,
            "ipconfig15": null,
            "ipconfig2": null,
            "ipconfig3": null,
            "ipconfig4": null,
            "ipconfig5": null,
            "ipconfig6": null,
            "ipconfig7": null,
            "ipconfig8": null,
            "ipconfig9": null,
            "kvm": true,
            "linked_vmid": 0,
            "machine": "",
            "memory": 2048,
            "name": "demo-k8sdatabase03",
            "nameserver": null,
            "network": [
              {
                "bridge": "vmbr10",
                "firewall": false,
                "id": 0,
                "link_down": false,
                "macaddr": "bc:24:11:29:c8:5c",
                "model": "virtio",
                "mtu": 0,
                "queues": 0,
                "rate": 0,
                "tag": 1
              }
            ],
            "numa": false,
            "onboot": false,
            "os_network_config": null,
            "os_type": "cloud-init",
            "pci": [],
            "pcis": [],
            "pool": "",
            "protection": false,
            "pxe": null,
            "qemu_os": "l26",
            "reboot_required": false,
            "rng": [],
            "scsihw": "virtio-scsi-pci",
            "searchdomain": null,
            "serial": [],
            "skip_ipv4": false,
            "skip_ipv6": false,
            "smbios": [
              {
                "family": "",
                "manufacturer": "",
                "product": "",
                "serial": "",
                "sku": "",
                "uuid": "afb75fa3-745d-4695-900f-a6b994058878",
                "version": ""
              }
            ],
            "sockets": 0,
            "ssh_forward_ip": null,
            "ssh_host": "11.1.1.203",
            "ssh_port": "22",
            "ssh_private_key": null,
            "ssh_user": null,
            "sshkeys": "ssh-rsa AAAAB3NzaC1yc2EAAAADAQABAAACAQCTEv94K1Fdq5Hksz6ltZGQAXtam8olX/BXzKLfai9PrAG9sEJdhNLqIdVj0Jffq2z3xw3oLaKNYmlb5zv4UYxeAG7AOIVKNXPTInbbpkbg5mO8iuLOdoCIDOqa5Zv9SdVCNWG+K45pXtKqHUUlyODOdsWn/JcvSL2vP1Np93qilvObA2ueXnDAEFKEbOrtiIZiyI/oxfX7VBWSfMQHFrJgNyiXphhj7xH/8iZeuXAF70q4x+a+hAP+hwqbHQbR15X68jypwfSBut199o+2pUNFqB8IMlCLwUzJH1ZG2Ho6tHeWMOfa1Nbzu5vbEtPjtUGw/qbmoJ94TI4z1mebiJiIxA1h9SJFZ85FmMwVopy5fso36Bz58OWUlFBBwj5brXapDI5AGXgDBvX1TE77Rl27xJ2J0UWnp9mLtC8HvWw/ea8ZFXMK1A9M8QHhyY/NTAJJM43C523GVVbdF/fcYnQq2ZyQHvMknR64cZqI0Qq1I5IhtHj6Qx1N3iuGaMqXdumOqTjmnSnIgT5HWOJwJpgjbHxIGFWjUtZUf1/q+aqQlPQBqRfeps6LPonF0nsXE3pZHQvXLo0bg01h5CbBZucjeTLJUwDUs8YibTnTwL7eTJEsUa5x5XEaqOlxaETbv59hwIDktH9KmiRdnCjpsjHKzicmA+3REnYzR8n93IqGJQ== amattar@proton.me\n",
            "startup": "",
            "tablet": true,
            "tags": "vpsie_vcop_demo_k8sdatabase_03",
            "target_node": "s1vpsie01",
            "target_nodes": null,
            "timeouts": null,
            "tpm_state": [],
            "unused_disk": [],
            "usb": [],
            "usbs": [],
            "vcpus": 0,
            "vga": [],
            "vm_state": "running",
            "vmid": 203
          },
          "sensitive_attributes": [
            [
              {
                "type": "get_attr",
                "value": "cipassword"
              }
            ],
            [
              {
                "type": "get_attr",
                "value": "ssh_private_key"
              }
            ]
          ],
          "identity_schema_version": 0,
          "private": "eyJlMmJmYjczMC1lY2FhLTExZTYtOGY4OC0zNDM2M2JjN2M0YzAiOnsiY3JlYXRlIjoxMjAwMDAwMDAwMDAwLCJkZWZhdWx0IjoxMjAwMDAwMDAwMDAwLCJkZWxldGUiOjEyMDAwMDAwMDAwMDAsInJlYWQiOjEyMDAwMDAwMDAwMDAsInVwZGF0ZSI6MTIwMDAwMDAwMDAwMH19"
        }
      ]
    },
    {
      "module": "module.dns",
      "mode": "managed",
      "type": "proxmox_vm_qemu",
      "name": "database",
      "provider": "provider[\"registry.terraform.io/telmate/proxmox\"]",
      "instances": [
        {
          "index_key": 0,
          "schema_version": 0,
          "attributes": {
            "additional_wait": 5,
            "agent": 1,
            "agent_timeout": 90,
            "args": "",
            "automatic_reboot": true,
            "balloon": 0,
            "bios": "seabios",
            "boot": "order=virtio0",
            "bootdisk": "",
            "ci_wait": null,
            "cicustom": null,
            "cipassword": "",
            "ciupgrade": false,
            "ciuser": "vpsie",
            "clone": "ci001",
            "clone_id": null,
            "clone_wait": 10,
            "cores": 0,
            "cpu": [
              {
                "affinity": "",
                "cores": 2,
                "flags": [],
                "limit": 0,
                "numa": false,
                "sockets": 1,
                "type": "x86-64-v2-AES",
                "units": 0,
                "vcores": 0
              }
            ],
            "cpu_type": "",
            "current_node": "s1vpsie01",
            "default_ipv4_address": "11.1.1.204",
            "default_ipv6_address": "",
            "define_connection_info": true,
            "desc": null,
            "description": "Managed by Terraform.",
            "disk": [],
            "disks": [
              {
                "ide": [
                  {
                    "ide0": [
                      {
                        "cdrom": [],
                        "cloudinit": [
                          {
                            "storage": "local"
                          }
                        ],
                        "disk": [],
                        "ignore": false,
                        "passthrough": []
                      }
                    ],
                    "ide1": [],
                    "ide2": [],
                    "ide3": []
                  }
                ],
                "sata": [],
                "scsi": [],
                "virtio": [
                  {
                    "virtio0": [
                      {
                        "cdrom": [],
                        "disk": [
                          {
                            "asyncio": "",
                            "backup": true,
                            "cache": "",
                            "discard": true,
                            "format": "qcow2",
                            "id": 0,
                            "iops_r_burst": 0,
                            "iops_r_burst_length": 0,
                            "iops_r_concurrent": 0,
                            "iops_wr_burst": 0,
                            "iops_wr_burst_length": 0,
                            "iops_wr_concurrent": 0,
                            "iothread": true,
                            "linked_disk_id": -1,
                            "mbps_r_burst": 0,
                            "mbps_r_concurrent": 0,
                            "mbps_wr_burst": 0,
                            "mbps_wr_concurrent": 0,
                            "readonly": false,
                            "replicate": false,
                            "serial": "",
                            "size": "40G",
                            "storage": "local",
                            "wwn": ""
                          }
                        ],
                        "ignore": false,
                        "passthrough": []
                      }
                    ],
                    "virtio1": [],
                    "virtio10": [],
                    "virtio11": [],
                    "virtio12": [],
                    "virtio13": [],
                    "virtio14": [],
                    "virtio15": [],
                    "virtio2": [],
                    "virtio3": [],
                    "virtio4": [],
                    "virtio5": [],
                    "virtio6": [],
                    "virtio7": [],
                    "virtio8": [],
                    "virtio9": []
                  }
                ]
              }
            ],
            "efidisk": [],
            "force_create": false,
            "force_recreate_on_change_of": null,
            "full_clone": true,
            "hagroup": "",
            "hastate": "",
            "hostpci": [],
            "hotplug": "network,disk,usb",
            "id": "s1vpsie01/qemu/204",
            "ipconfig0": "ip=11.1.1.204/24,gw=11.1.1.1",
            "ipconfig1": null,
            "ipconfig10": null,
            "ipconfig11": null,
            "ipconfig12": null,
            "ipconfig13": null,
            "ipconfig14": null,
            "ipconfig15": null,
            "ipconfig2": null,
            "ipconfig3": null,
            "ipconfig4": null,
            "ipconfig5": null,
            "ipconfig6": null,
            "ipconfig7": null,
            "ipconfig8": null,
            "ipconfig9": null,
            "kvm": true,
            "linked_vmid": 0,
            "machine": "",
            "memory": 2048,
            "name": "demo-dns01",
            "nameserver": null,
            "network": [
              {
                "bridge": "vmbr10",
                "firewall": false,
                "id": 0,
                "link_down": false,
                "macaddr": "bc:24:11:75:0a:70",
                "model": "virtio",
                "mtu": 0,
                "queues": 0,
                "rate": 0,
                "tag": 1
              }
            ],
            "numa": false,
            "onboot": false,
            "os_network_config": null,
            "os_type": "cloud-init",
            "pci": [],
            "pcis": [],
            "pool": "",
            "protection": false,
            "pxe": null,
            "qemu_os": "l26",
            "reboot_required": false,
            "rng": [],
            "scsihw": "virtio-scsi-pci",
            "searchdomain": null,
            "serial": [],
            "skip_ipv4": false,
            "skip_ipv6": false,
            "smbios": [
              {
                "family": "",
                "manufacturer": "",
                "product": "",
                "serial": "",
                "sku": "",
                "uuid": "ba12c539-c83d-45d3-8a46-22cd42153b6b",
                "version": ""
              }
            ],
            "sockets": 0,
            "ssh_forward_ip": null,
            "ssh_host": "11.1.1.204",
            "ssh_port": "22",
            "ssh_private_key": null,
            "ssh_user": null,
            "sshkeys": "ssh-rsa AAAAB3NzaC1yc2EAAAADAQABAAACAQCTEv94K1Fdq5Hksz6ltZGQAXtam8olX/BXzKLfai9PrAG9sEJdhNLqIdVj0Jffq2z3xw3oLaKNYmlb5zv4UYxeAG7AOIVKNXPTInbbpkbg5mO8iuLOdoCIDOqa5Zv9SdVCNWG+K45pXtKqHUUlyODOdsWn/JcvSL2vP1Np93qilvObA2ueXnDAEFKEbOrtiIZiyI/oxfX7VBWSfMQHFrJgNyiXphhj7xH/8iZeuXAF70q4x+a+hAP+hwqbHQbR15X68jypwfSBut199o+2pUNFqB8IMlCLwUzJH1ZG2Ho6tHeWMOfa1Nbzu5vbEtPjtUGw/qbmoJ94TI4z1mebiJiIxA1h9SJFZ85FmMwVopy5fso36Bz58OWUlFBBwj5brXapDI5AGXgDBvX1TE77Rl27xJ2J0UWnp9mLtC8HvWw/ea8ZFXMK1A9M8QHhyY/NTAJJM43C523GVVbdF/fcYnQq2ZyQHvMknR64cZqI0Qq1I5IhtHj6Qx1N3iuGaMqXdumOqTjmnSnIgT5HWOJwJpgjbHxIGFWjUtZUf1/q+aqQlPQBqRfeps6LPonF0nsXE3pZHQvXLo0bg01h5CbBZucjeTLJUwDUs8YibTnTwL7eTJEsUa5x5XEaqOlxaETbv59hwIDktH9KmiRdnCjpsjHKzicmA+3REnYzR8n93IqGJQ== amattar@proton.me\n",
            "startup": "",
            "tablet": true,
            "tags": "vpsie_vcop_demo_dns_01",
            "target_node": "s1vpsie01",
            "target_nodes": null,
            "timeouts": null,
            "tpm_state": [],
            "unused_disk": [],
            "usb": [],
            "usbs": [],
            "vcpus": 0,
            "vga": [],
            "vm_state": "running",
            "vmid": 204
          },
          "sensitive_attributes": [
            [
              {
                "type": "get_attr",
                "value": "cipassword"
              }
            ],
            [
              {
                "type": "get_attr",
                "value": "ssh_private_key"
              }
            ]
          ],
          "identity_schema_version": 0,
          "private": "eyJlMmJmYjczMC1lY2FhLTExZTYtOGY4OC0zNDM2M2JjN2M0YzAiOnsiY3JlYXRlIjoxMjAwMDAwMDAwMDAwLCJkZWZhdWx0IjoxMjAwMDAwMDAwMDAwLCJkZWxldGUiOjEyMDAwMDAwMDAwMDAsInJlYWQiOjEyMDAwMDAwMDAwMDAsInVwZGF0ZSI6MTIwMDAwMDAwMDAwMH19"
        },
        {
          "index_key": 1,
          "schema_version": 0,
          "attributes": {
            "additional_wait": 5,
            "agent": 1,
            "agent_timeout": 90,
            "args": "",
            "automatic_reboot": true,
            "balloon": 0,
            "bios": "seabios",
            "boot": "order=virtio0",
            "bootdisk": "",
            "ci_wait": null,
            "cicustom": null,
            "cipassword": "",
            "ciupgrade": false,
            "ciuser": "vpsie",
            "clone": "ci001",
            "clone_id": null,
            "clone_wait": 10,
            "cores": 0,
            "cpu": [
              {
                "affinity": "",
                "cores": 2,
                "flags": [],
                "limit": 0,
                "numa": false,
                "sockets": 1,
                "type": "x86-64-v2-AES",
                "units": 0,
                "vcores": 0
              }
            ],
            "cpu_type": "",
            "current_node": "s1vpsie01",
            "default_ipv4_address": "11.1.1.205",
            "default_ipv6_address": "",
            "define_connection_info": true,
            "desc": null,
            "description": "Managed by Terraform.",
            "disk": [],
            "disks": [
              {
                "ide": [
                  {
                    "ide0": [
                      {
                        "cdrom": [],
                        "cloudinit": [
                          {
                            "storage": "local"
                          }
                        ],
                        "disk": [],
                        "ignore": false,
                        "passthrough": []
                      }
                    ],
                    "ide1": [],
                    "ide2": [],
                    "ide3": []
                  }
                ],
                "sata": [],
                "scsi": [],
                "virtio": [
                  {
                    "virtio0": [
                      {
                        "cdrom": [],
                        "disk": [
                          {
                            "asyncio": "",
                            "backup": true,
                            "cache": "",
                            "discard": true,
                            "format": "qcow2",
                            "id": 0,
                            "iops_r_burst": 0,
                            "iops_r_burst_length": 0,
                            "iops_r_concurrent": 0,
                            "iops_wr_burst": 0,
                            "iops_wr_burst_length": 0,
                            "iops_wr_concurrent": 0,
                            "iothread": true,
                            "linked_disk_id": -1,
                            "mbps_r_burst": 0,
                            "mbps_r_concurrent": 0,
                            "mbps_wr_burst": 0,
                            "mbps_wr_concurrent": 0,
                            "readonly": false,
                            "replicate": false,
                            "serial": "",
                            "size": "40G",
                            "storage": "local",
                            "wwn": ""
                          }
                        ],
                        "ignore": false,
                        "passthrough": []
                      }
                    ],
                    "virtio1": [],
                    "virtio10": [],
                    "virtio11": [],
                    "virtio12": [],
                    "virtio13": [],
                    "virtio14": [],
                    "virtio15": [],
                    "virtio2": [],
                    "virtio3": [],
                    "virtio4": [],
                    "virtio5": [],
                    "virtio6": [],
                    "virtio7": [],
                    "virtio8": [],
                    "virtio9": []
                  }
                ]
              }
            ],
            "efidisk": [],
            "force_create": false,
            "force_recreate_on_change_of": null,
            "full_clone": true,
            "hagroup": "",
            "hastate": "",
            "hostpci": [],
            "hotplug": "network,disk,usb",
            "id": "s1vpsie01/qemu/205",
            "ipconfig0": "ip=11.1.1.205/24,gw=11.1.1.1",
            "ipconfig1": null,
            "ipconfig10": null,
            "ipconfig11": null,
            "ipconfig12": null,
            "ipconfig13": null,
            "ipconfig14": null,
            "ipconfig15": null,
            "ipconfig2": null,
            "ipconfig3": null,
            "ipconfig4": null,
            "ipconfig5": null,
            "ipconfig6": null,
            "ipconfig7": null,
            "ipconfig8": null,
            "ipconfig9": null,
            "kvm": true,
            "linked_vmid": 0,
            "machine": "",
            "memory": 2048,
            "name": "demo-dns02",
            "nameserver": null,
            "network": [
              {
                "bridge": "vmbr10",
                "firewall": false,
                "id": 0,
                "link_down": false,
                "macaddr": "bc:24:11:fd:c8:b4",
                "model": "virtio",
                "mtu": 0,
                "queues": 0,
                "rate": 0,
                "tag": 1
              }
            ],
            "numa": false,
            "onboot": false,
            "os_network_config": null,
            "os_type": "cloud-init",
            "pci": [],
            "pcis": [],
            "pool": "",
            "protection": false,
            "pxe": null,
            "qemu_os": "l26",
            "reboot_required": false,
            "rng": [],
            "scsihw": "virtio-scsi-pci",
            "searchdomain": null,
            "serial": [],
            "skip_ipv4": false,
            "skip_ipv6": false,
            "smbios": [
              {
                "family": "",
                "manufacturer": "",
                "product": "",
                "serial": "",
                "sku": "",
                "uuid": "4ac5d001-d470-4ba9-a43e-56cd479588b1",
                "version": ""
              }
            ],
            "sockets": 0,
            "ssh_forward_ip": null,
            "ssh_host": "11.1.1.205",
            "ssh_port": "22",
            "ssh_private_key": null,
            "ssh_user": null,
            "sshkeys": "ssh-rsa AAAAB3NzaC1yc2EAAAADAQABAAACAQCTEv94K1Fdq5Hksz6ltZGQAXtam8olX/BXzKLfai9PrAG9sEJdhNLqIdVj0Jffq2z3xw3oLaKNYmlb5zv4UYxeAG7AOIVKNXPTInbbpkbg5mO8iuLOdoCIDOqa5Zv9SdVCNWG+K45pXtKqHUUlyODOdsWn/JcvSL2vP1Np93qilvObA2ueXnDAEFKEbOrtiIZiyI/oxfX7VBWSfMQHFrJgNyiXphhj7xH/8iZeuXAF70q4x+a+hAP+hwqbHQbR15X68jypwfSBut199o+2pUNFqB8IMlCLwUzJH1ZG2Ho6tHeWMOfa1Nbzu5vbEtPjtUGw/qbmoJ94TI4z1mebiJiIxA1h9SJFZ85FmMwVopy5fso36Bz58OWUlFBBwj5brXapDI5AGXgDBvX1TE77Rl27xJ2J0UWnp9mLtC8HvWw/ea8ZFXMK1A9M8QHhyY/NTAJJM43C523GVVbdF/fcYnQq2ZyQHvMknR64cZqI0Qq1I5IhtHj6Qx1N3iuGaMqXdumOqTjmnSnIgT5HWOJwJpgjbHxIGFWjUtZUf1/q+aqQlPQBqRfeps6LPonF0nsXE3pZHQvXLo0bg01h5CbBZucjeTLJUwDUs8YibTnTwL7eTJEsUa5x5XEaqOlxaETbv59hwIDktH9KmiRdnCjpsjHKzicmA+3REnYzR8n93IqGJQ== amattar@proton.me\n",
            "startup": "",
            "tablet": true,
            "tags": "vpsie_vcop_demo_dns_02",
            "target_node": "s1vpsie01",
            "target_nodes": null,
            "timeouts": null,
            "tpm_state": [],
            "unused_disk": [],
            "usb": [],
            "usbs": [],
            "vcpus": 0,
            "vga": [],
            "vm_state": "running",
            "vmid": 205
          },
          "sensitive_attributes": [
            [
              {
                "type": "get_attr",
                "value": "cipassword"
              }
            ],
            [
              {
                "type": "get_attr",
                "value": "ssh_private_key"
              }
            ]
          ],
          "identity_schema_version": 0,
          "private": "eyJlMmJmYjczMC1lY2FhLTExZTYtOGY4OC0zNDM2M2JjN2M0YzAiOnsiY3JlYXRlIjoxMjAwMDAwMDAwMDAwLCJkZWZhdWx0IjoxMjAwMDAwMDAwMDAwLCJkZWxldGUiOjEyMDAwMDAwMDAwMDAsInJlYWQiOjEyMDAwMDAwMDAwMDAsInVwZGF0ZSI6MTIwMDAwMDAwMDAwMH19"
        },
        {
          "index_key": 2,
          "schema_version": 0,
          "attributes": {
            "additional_wait": 5,
            "agent": 1,
            "agent_timeout": 90,
            "args": "",
            "automatic_reboot": true,
            "balloon": 0,
            "bios": "seabios",
            "boot": "order=virtio0",
            "bootdisk": "",
            "ci_wait": null,
            "cicustom": null,
            "cipassword": "",
            "ciupgrade": false,
            "ciuser": "vpsie",
            "clone": "ci001",
            "clone_id": null,
            "clone_wait": 10,
            "cores": 0,
            "cpu": [
              {
                "affinity": "",
                "cores": 2,
                "flags": [],
                "limit": 0,
                "numa": false,
                "sockets": 1,
                "type": "x86-64-v2-AES",
                "units": 0,
                "vcores": 0
              }
            ],
            "cpu_type": "",
            "current_node": "s1vpsie01",
            "default_ipv4_address": "11.1.1.206",
            "default_ipv6_address": "",
            "define_connection_info": true,
            "desc": null,
            "description": "Managed by Terraform.",
            "disk": [],
            "disks": [
              {
                "ide": [
                  {
                    "ide0": [
                      {
                        "cdrom": [],
                        "cloudinit": [
                          {
                            "storage": "local"
                          }
                        ],
                        "disk": [],
                        "ignore": false,
                        "passthrough": []
                      }
                    ],
                    "ide1": [],
                    "ide2": [],
                    "ide3": []
                  }
                ],
                "sata": [],
                "scsi": [],
                "virtio": [
                  {
                    "virtio0": [
                      {
                        "cdrom": [],
                        "disk": [
                          {
                            "asyncio": "",
                            "backup": true,
                            "cache": "",
                            "discard": true,
                            "format": "qcow2",
                            "id": 0,
                            "iops_r_burst": 0,
                            "iops_r_burst_length": 0,
                            "iops_r_concurrent": 0,
                            "iops_wr_burst": 0,
                            "iops_wr_burst_length": 0,
                            "iops_wr_concurrent": 0,
                            "iothread": true,
                            "linked_disk_id": -1,
                            "mbps_r_burst": 0,
                            "mbps_r_concurrent": 0,
                            "mbps_wr_burst": 0,
                            "mbps_wr_concurrent": 0,
                            "readonly": false,
                            "replicate": false,
                            "serial": "",
                            "size": "40G",
                            "storage": "local",
                            "wwn": ""
                          }
                        ],
                        "ignore": false,
                        "passthrough": []
                      }
                    ],
                    "virtio1": [],
                    "virtio10": [],
                    "virtio11": [],
                    "virtio12": [],
                    "virtio13": [],
                    "virtio14": [],
                    "virtio15": [],
                    "virtio2": [],
                    "virtio3": [],
                    "virtio4": [],
                    "virtio5": [],
                    "virtio6": [],
                    "virtio7": [],
                    "virtio8": [],
                    "virtio9": []
                  }
                ]
              }
            ],
            "efidisk": [],
            "force_create": false,
            "force_recreate_on_change_of": null,
            "full_clone": true,
            "hagroup": "",
            "hastate": "",
            "hostpci": [],
            "hotplug": "network,disk,usb",
            "id": "s1vpsie01/qemu/206",
            "ipconfig0": "ip=11.1.1.206/24,gw=11.1.1.1",
            "ipconfig1": null,
            "ipconfig10": null,
            "ipconfig11": null,
            "ipconfig12": null,
            "ipconfig13": null,
            "ipconfig14": null,
            "ipconfig15": null,
            "ipconfig2": null,
            "ipconfig3": null,
            "ipconfig4": null,
            "ipconfig5": null,
            "ipconfig6": null,
            "ipconfig7": null,
            "ipconfig8": null,
            "ipconfig9": null,
            "kvm": true,
            "linked_vmid": 0,
            "machine": "",
            "memory": 2048,
            "name": "demo-dns03",
            "nameserver": null,
            "network": [
              {
                "bridge": "vmbr10",
                "firewall": false,
                "id": 0,
                "link_down": false,
                "macaddr": "bc:24:11:2f:ed:ab",
                "model": "virtio",
                "mtu": 0,
                "queues": 0,
                "rate": 0,
                "tag": 1
              }
            ],
            "numa": false,
            "onboot": false,
            "os_network_config": null,
            "os_type": "cloud-init",
            "pci": [],
            "pcis": [],
            "pool": "",
            "protection": false,
            "pxe": null,
            "qemu_os": "l26",
            "reboot_required": false,
            "rng": [],
            "scsihw": "virtio-scsi-pci",
            "searchdomain": null,
            "serial": [],
            "skip_ipv4": false,
            "skip_ipv6": false,
            "smbios": [
              {
                "family": "",
                "manufacturer": "",
                "product": "",
                "serial": "",
                "sku": "",
                "uuid": "7cb8703c-6d4f-4460-8ce7-0c23a5440051",
                "version": ""
              }
            ],
            "sockets": 0,
            "ssh_forward_ip": null,
            "ssh_host": "11.1.1.206",
            "ssh_port": "22",
            "ssh_private_key": null,
            "ssh_user": null,
            "sshkeys": "ssh-rsa AAAAB3NzaC1yc2EAAAADAQABAAACAQCTEv94K1Fdq5Hksz6ltZGQAXtam8olX/BXzKLfai9PrAG9sEJdhNLqIdVj0Jffq2z3xw3oLaKNYmlb5zv4UYxeAG7AOIVKNXPTInbbpkbg5mO8iuLOdoCIDOqa5Zv9SdVCNWG+K45pXtKqHUUlyODOdsWn/JcvSL2vP1Np93qilvObA2ueXnDAEFKEbOrtiIZiyI/oxfX7VBWSfMQHFrJgNyiXphhj7xH/8iZeuXAF70q4x+a+hAP+hwqbHQbR15X68jypwfSBut199o+2pUNFqB8IMlCLwUzJH1ZG2Ho6tHeWMOfa1Nbzu5vbEtPjtUGw/qbmoJ94TI4z1mebiJiIxA1h9SJFZ85FmMwVopy5fso36Bz58OWUlFBBwj5brXapDI5AGXgDBvX1TE77Rl27xJ2J0UWnp9mLtC8HvWw/ea8ZFXMK1A9M8QHhyY/NTAJJM43C523GVVbdF/fcYnQq2ZyQHvMknR64cZqI0Qq1I5IhtHj6Qx1N3iuGaMqXdumOqTjmnSnIgT5HWOJwJpgjbHxIGFWjUtZUf1/q+aqQlPQBqRfeps6LPonF0nsXE3pZHQvXLo0bg01h5CbBZucjeTLJUwDUs8YibTnTwL7eTJEsUa5x5XEaqOlxaETbv59hwIDktH9KmiRdnCjpsjHKzicmA+3REnYzR8n93IqGJQ== amattar@proton.me\n",
            "startup": "",
            "tablet": true,
            "tags": "vpsie_vcop_demo_dns_03",
            "target_node": "s1vpsie01",
            "target_nodes": null,
            "timeouts": null,
            "tpm_state": [],
            "unused_disk": [],
            "usb": [],
            "usbs": [],
            "vcpus": 0,
            "vga": [],
            "vm_state": "running",
            "vmid": 206
          },
          "sensitive_attributes": [
            [
              {
                "type": "get_attr",
                "value": "cipassword"
              }
            ],
            [
              {
                "type": "get_attr",
                "value": "ssh_private_key"
              }
            ]
          ],
          "identity_schema_version": 0,
          "private": "eyJlMmJmYjczMC1lY2FhLTExZTYtOGY4OC0zNDM2M2JjN2M0YzAiOnsiY3JlYXRlIjoxMjAwMDAwMDAwMDAwLCJkZWZhdWx0IjoxMjAwMDAwMDAwMDAwLCJkZWxldGUiOjEyMDAwMDAwMDAwMDAsInJlYWQiOjEyMDAwMDAwMDAwMDAsInVwZGF0ZSI6MTIwMDAwMDAwMDAwMH19"
        }
      ]
    },
    {
      "module": "module.haproxy",
      "mode": "managed",
      "type": "proxmox_vm_qemu",
      "name": "srv",
      "provider": "provider[\"registry.terraform.io/telmate/proxmox\"]",
      "instances": [
        {
          "schema_version": 0,
          "attributes": {
            "additional_wait": 5,
            "agent": 1,
            "agent_timeout": 90,
            "args": "",
            "automatic_reboot": true,
            "balloon": 0,
            "bios": "seabios",
            "boot": "order=virtio0",
            "bootdisk": "",
            "ci_wait": null,
            "cicustom": null,
            "cipassword": "",
            "ciupgrade": false,
            "ciuser": "vpsie",
            "clone": "ci001",
            "clone_id": null,
            "clone_wait": 10,
            "cores": 0,
            "cpu": [
              {
                "affinity": "",
                "cores": 2,
                "flags": [],
                "limit": 0,
                "numa": false,
                "sockets": 1,
                "type": "x86-64-v2-AES",
                "units": 0,
                "vcores": 0
              }
            ],
            "cpu_type": "",
            "current_node": "s1vpsie01",
            "default_ipv4_address": "11.1.1.198",
            "default_ipv6_address": "",
            "define_connection_info": true,
            "desc": null,
            "description": "Managed by Terraform.",
            "disk": [],
            "disks": [
              {
                "ide": [
                  {
                    "ide0": [
                      {
                        "cdrom": [],
                        "cloudinit": [
                          {
                            "storage": "local"
                          }
                        ],
                        "disk": [],
                        "ignore": false,
                        "passthrough": []
                      }
                    ],
                    "ide1": [],
                    "ide2": [],
                    "ide3": []
                  }
                ],
                "sata": [],
                "scsi": [],
                "virtio": [
                  {
                    "virtio0": [
                      {
                        "cdrom": [],
                        "disk": [
                          {
                            "asyncio": "",
                            "backup": true,
                            "cache": "",
                            "discard": true,
                            "format": "qcow2",
                            "id": 0,
                            "iops_r_burst": 0,
                            "iops_r_burst_length": 0,
                            "iops_r_concurrent": 0,
                            "iops_wr_burst": 0,
                            "iops_wr_burst_length": 0,
                            "iops_wr_concurrent": 0,
                            "iothread": true,
                            "linked_disk_id": -1,
                            "mbps_r_burst": 0,
                            "mbps_r_concurrent": 0,
                            "mbps_wr_burst": 0,
                            "mbps_wr_concurrent": 0,
                            "readonly": false,
                            "replicate": false,
                            "serial": "",
                            "size": "40G",
                            "storage": "local",
                            "wwn": ""
                          }
                        ],
                        "ignore": false,
                        "passthrough": []
                      }
                    ],
                    "virtio1": [],
                    "virtio10": [],
                    "virtio11": [],
                    "virtio12": [],
                    "virtio13": [],
                    "virtio14": [],
                    "virtio15": [],
                    "virtio2": [],
                    "virtio3": [],
                    "virtio4": [],
                    "virtio5": [],
                    "virtio6": [],
                    "virtio7": [],
                    "virtio8": [],
                    "virtio9": []
                  }
                ]
              }
            ],
            "efidisk": [],
            "force_create": false,
            "force_recreate_on_change_of": null,
            "full_clone": true,
            "hagroup": "",
            "hastate": "",
            "hostpci": [],
            "hotplug": "network,disk,usb",
            "id": "s1vpsie01/qemu/198",
            "ipconfig0": "ip=11.1.1.198/24,gw=11.1.1.1",
            "ipconfig1": null,
            "ipconfig10": null,
            "ipconfig11": null,
            "ipconfig12": null,
            "ipconfig13": null,
            "ipconfig14": null,
            "ipconfig15": null,
            "ipconfig2": null,
            "ipconfig3": null,
            "ipconfig4": null,
            "ipconfig5": null,
            "ipconfig6": null,
            "ipconfig7": null,
            "ipconfig8": null,
            "ipconfig9": null,
            "kvm": true,
            "linked_vmid": 0,
            "machine": "",
            "memory": 2048,
            "name": "demo-haproxy",
            "nameserver": null,
            "network": [
              {
                "bridge": "vmbr10",
                "firewall": false,
                "id": 0,
                "link_down": false,
                "macaddr": "bc:24:11:98:c1:1c",
                "model": "virtio",
                "mtu": 0,
                "queues": 0,
                "rate": 0,
                "tag": 1
              }
            ],
            "numa": false,
            "onboot": false,
            "os_network_config": null,
            "os_type": "cloud-init",
            "pci": [],
            "pcis": [],
            "pool": "",
            "protection": false,
            "pxe": null,
            "qemu_os": "l26",
            "reboot_required": false,
            "rng": [],
            "scsihw": "virtio-scsi-pci",
            "searchdomain": null,
            "serial": [],
            "skip_ipv4": false,
            "skip_ipv6": false,
            "smbios": [
              {
                "family": "",
                "manufacturer": "",
                "product": "",
                "serial": "",
                "sku": "",
                "uuid": "874db808-c855-4b47-9a14-204c56f39e16",
                "version": ""
              }
            ],
            "sockets": 0,
            "ssh_forward_ip": null,
            "ssh_host": "11.1.1.198",
            "ssh_port": "22",
            "ssh_private_key": null,
            "ssh_user": null,
            "sshkeys": "ssh-rsa AAAAB3NzaC1yc2EAAAADAQABAAACAQCTEv94K1Fdq5Hksz6ltZGQAXtam8olX/BXzKLfai9PrAG9sEJdhNLqIdVj0Jffq2z3xw3oLaKNYmlb5zv4UYxeAG7AOIVKNXPTInbbpkbg5mO8iuLOdoCIDOqa5Zv9SdVCNWG+K45pXtKqHUUlyODOdsWn/JcvSL2vP1Np93qilvObA2ueXnDAEFKEbOrtiIZiyI/oxfX7VBWSfMQHFrJgNyiXphhj7xH/8iZeuXAF70q4x+a+hAP+hwqbHQbR15X68jypwfSBut199o+2pUNFqB8IMlCLwUzJH1ZG2Ho6tHeWMOfa1Nbzu5vbEtPjtUGw/qbmoJ94TI4z1mebiJiIxA1h9SJFZ85FmMwVopy5fso36Bz58OWUlFBBwj5brXapDI5AGXgDBvX1TE77Rl27xJ2J0UWnp9mLtC8HvWw/ea8ZFXMK1A9M8QHhyY/NTAJJM43C523GVVbdF/fcYnQq2ZyQHvMknR64cZqI0Qq1I5IhtHj6Qx1N3iuGaMqXdumOqTjmnSnIgT5HWOJwJpgjbHxIGFWjUtZUf1/q+aqQlPQBqRfeps6LPonF0nsXE3pZHQvXLo0bg01h5CbBZucjeTLJUwDUs8YibTnTwL7eTJEsUa5x5XEaqOlxaETbv59hwIDktH9KmiRdnCjpsjHKzicmA+3REnYzR8n93IqGJQ== amattar@proton.me\n",
            "startup": "",
            "tablet": true,
            "tags": "vpsie_vcop_demo-haproxy",
            "target_node": "s1vpsie01",
            "target_nodes": null,
            "timeouts": null,
            "tpm_state": [],
            "unused_disk": [],
            "usb": [],
            "usbs": [],
            "vcpus": 0,
            "vga": [],
            "vm_state": "running",
            "vmid": 198
          },
          "sensitive_attributes": [
            [
              {
                "type": "get_attr",
                "value": "cipassword"
              }
            ],
            [
              {
                "type": "get_attr",
                "value": "ssh_private_key"
              }
            ]
          ],
          "identity_schema_version": 0,
          "private": "eyJlMmJmYjczMC1lY2FhLTExZTYtOGY4OC0zNDM2M2JjN2M0YzAiOnsiY3JlYXRlIjoxMjAwMDAwMDAwMDAwLCJkZWZhdWx0IjoxMjAwMDAwMDAwMDAwLCJkZWxldGUiOjEyMDAwMDAwMDAwMDAsInJlYWQiOjEyMDAwMDAwMDAwMDAsInVwZGF0ZSI6MTIwMDAwMDAwMDAwMH19"
        }
      ]
    },
    {
      "module": "module.kubernetes",
      "mode": "managed",
      "type": "proxmox_vm_qemu",
      "name": "k8sproxy",
      "provider": "provider[\"registry.terraform.io/telmate/proxmox\"]",
      "instances": [
        {
          "schema_version": 0,
          "attributes": {
            "additional_wait": 5,
            "agent": 1,
            "agent_timeout": 90,
            "args": "",
            "automatic_reboot": true,
            "balloon": 0,
            "bios": "seabios",
            "boot": "order=virtio0",
            "bootdisk": "",
            "ci_wait": null,
            "cicustom": null,
            "cipassword": "",
            "ciupgrade": false,
            "ciuser": "vpsie",
            "clone": "ci001",
            "clone_id": null,
            "clone_wait": 10,
            "cores": 0,
            "cpu": [
              {
                "affinity": "",
                "cores": 2,
                "flags": [],
                "limit": 0,
                "numa": false,
                "sockets": 1,
                "type": "x86-64-v2-AES",
                "units": 0,
                "vcores": 0
              }
            ],
            "cpu_type": "",
            "current_node": "s1vpsie01",
            "default_ipv4_address": "11.1.1.196",
            "default_ipv6_address": "",
            "define_connection_info": true,
            "desc": null,
            "description": "Managed by Terraform.",
            "disk": [],
            "disks": [
              {
                "ide": [
                  {
                    "ide0": [
                      {
                        "cdrom": [],
                        "cloudinit": [
                          {
                            "storage": "local"
                          }
                        ],
                        "disk": [],
                        "ignore": false,
                        "passthrough": []
                      }
                    ],
                    "ide1": [],
                    "ide2": [],
                    "ide3": []
                  }
                ],
                "sata": [],
                "scsi": [],
                "virtio": [
                  {
                    "virtio0": [
                      {
                        "cdrom": [],
                        "disk": [
                          {
                            "asyncio": "",
                            "backup": true,
                            "cache": "",
                            "discard": true,
                            "format": "qcow2",
                            "id": 0,
                            "iops_r_burst": 0,
                            "iops_r_burst_length": 0,
                            "iops_r_concurrent": 0,
                            "iops_wr_burst": 0,
                            "iops_wr_burst_length": 0,
                            "iops_wr_concurrent": 0,
                            "iothread": true,
                            "linked_disk_id": -1,
                            "mbps_r_burst": 0,
                            "mbps_r_concurrent": 0,
                            "mbps_wr_burst": 0,
                            "mbps_wr_concurrent": 0,
                            "readonly": false,
                            "replicate": false,
                            "serial": "",
                            "size": "40G",
                            "storage": "local",
                            "wwn": ""
                          }
                        ],
                        "ignore": false,
                        "passthrough": []
                      }
                    ],
                    "virtio1": [],
                    "virtio10": [],
                    "virtio11": [],
                    "virtio12": [],
                    "virtio13": [],
                    "virtio14": [],
                    "virtio15": [],
                    "virtio2": [],
                    "virtio3": [],
                    "virtio4": [],
                    "virtio5": [],
                    "virtio6": [],
                    "virtio7": [],
                    "virtio8": [],
                    "virtio9": []
                  }
                ]
              }
            ],
            "efidisk": [],
            "force_create": false,
            "force_recreate_on_change_of": null,
            "full_clone": true,
            "hagroup": "",
            "hastate": "",
            "hostpci": [],
            "hotplug": "network,disk,usb",
            "id": "s1vpsie01/qemu/196",
            "ipconfig0": "ip=11.1.1.196/24,gw=11.1.1.1",
            "ipconfig1": null,
            "ipconfig10": null,
            "ipconfig11": null,
            "ipconfig12": null,
            "ipconfig13": null,
            "ipconfig14": null,
            "ipconfig15": null,
            "ipconfig2": null,
            "ipconfig3": null,
            "ipconfig4": null,
            "ipconfig5": null,
            "ipconfig6": null,
            "ipconfig7": null,
            "ipconfig8": null,
            "ipconfig9": null,
            "kvm": true,
            "linked_vmid": 0,
            "machine": "",
            "memory": 2048,
            "name": "demo-k8sproxy",
            "nameserver": null,
            "network": [
              {
                "bridge": "vmbr10",
                "firewall": false,
                "id": 0,
                "link_down": false,
                "macaddr": "bc:24:11:95:2a:d9",
                "model": "virtio",
                "mtu": 0,
                "queues": 0,
                "rate": 0,
                "tag": 1
              }
            ],
            "numa": false,
            "onboot": false,
            "os_network_config": null,
            "os_type": "cloud-init",
            "pci": [],
            "pcis": [],
            "pool": "",
            "protection": false,
            "pxe": null,
            "qemu_os": "l26",
            "reboot_required": false,
            "rng": [],
            "scsihw": "virtio-scsi-pci",
            "searchdomain": null,
            "serial": [],
            "skip_ipv4": false,
            "skip_ipv6": false,
            "smbios": [
              {
                "family": "",
                "manufacturer": "",
                "product": "",
                "serial": "",
                "sku": "",
                "uuid": "855b0c62-5723-454b-9650-4f95c2cf8c35",
                "version": ""
              }
            ],
            "sockets": 0,
            "ssh_forward_ip": null,
            "ssh_host": "11.1.1.196",
            "ssh_port": "22",
            "ssh_private_key": null,
            "ssh_user": null,
            "sshkeys": "ssh-rsa AAAAB3NzaC1yc2EAAAADAQABAAACAQCTEv94K1Fdq5Hksz6ltZGQAXtam8olX/BXzKLfai9PrAG9sEJdhNLqIdVj0Jffq2z3xw3oLaKNYmlb5zv4UYxeAG7AOIVKNXPTInbbpkbg5mO8iuLOdoCIDOqa5Zv9SdVCNWG+K45pXtKqHUUlyODOdsWn/JcvSL2vP1Np93qilvObA2ueXnDAEFKEbOrtiIZiyI/oxfX7VBWSfMQHFrJgNyiXphhj7xH/8iZeuXAF70q4x+a+hAP+hwqbHQbR15X68jypwfSBut199o+2pUNFqB8IMlCLwUzJH1ZG2Ho6tHeWMOfa1Nbzu5vbEtPjtUGw/qbmoJ94TI4z1mebiJiIxA1h9SJFZ85FmMwVopy5fso36Bz58OWUlFBBwj5brXapDI5AGXgDBvX1TE77Rl27xJ2J0UWnp9mLtC8HvWw/ea8ZFXMK1A9M8QHhyY/NTAJJM43C523GVVbdF/fcYnQq2ZyQHvMknR64cZqI0Qq1I5IhtHj6Qx1N3iuGaMqXdumOqTjmnSnIgT5HWOJwJpgjbHxIGFWjUtZUf1/q+aqQlPQBqRfeps6LPonF0nsXE3pZHQvXLo0bg01h5CbBZucjeTLJUwDUs8YibTnTwL7eTJEsUa5x5XEaqOlxaETbv59hwIDktH9KmiRdnCjpsjHKzicmA+3REnYzR8n93IqGJQ== amattar@proton.me\n",
            "startup": "",
            "tablet": true,
            "tags": "vpsie_vcop_demo_kubernetes_proxy",
            "target_node": "s1vpsie01",
            "target_nodes": null,
            "timeouts": null,
            "tpm_state": [],
            "unused_disk": [],
            "usb": [],
            "usbs": [],
            "vcpus": 0,
            "vga": [],
            "vm_state": "running",
            "vmid": 196
          },
          "sensitive_attributes": [
            [
              {
                "type": "get_attr",
                "value": "cipassword"
              }
            ],
            [
              {
                "type": "get_attr",
                "value": "ssh_private_key"
              }
            ]
          ],
          "identity_schema_version": 0,
          "private": "eyJlMmJmYjczMC1lY2FhLTExZTYtOGY4OC0zNDM2M2JjN2M0YzAiOnsiY3JlYXRlIjoxMjAwMDAwMDAwMDAwLCJkZWZhdWx0IjoxMjAwMDAwMDAwMDAwLCJkZWxldGUiOjEyMDAwMDAwMDAwMDAsInJlYWQiOjEyMDAwMDAwMDAwMDAsInVwZGF0ZSI6MTIwMDAwMDAwMDAwMH19"
        }
      ]
    },
    {
      "module": "module.kubernetes",
      "mode": "managed",
      "type": "proxmox_vm_qemu",
      "name": "k8storage",
      "provider": "provider[\"registry.terraform.io/telmate/proxmox\"]",
      "instances": [
        {
          "schema_version": 0,
          "attributes": {
            "additional_wait": 5,
            "agent": 1,
            "agent_timeout": 90,
            "args": "",
            "automatic_reboot": true,
            "balloon": 0,
            "bios": "seabios",
            "boot": "order=virtio0",
            "bootdisk": "",
            "ci_wait": null,
            "cicustom": null,
            "cipassword": "",
            "ciupgrade": false,
            "ciuser": "vpsie",
            "clone": "ci001",
            "clone_id": null,
            "clone_wait": 10,
            "cores": 0,
            "cpu": [
              {
                "affinity": "",
                "cores": 2,
                "flags": [],
                "limit": 0,
                "numa": false,
                "sockets": 1,
                "type": "x86-64-v2-AES",
                "units": 0,
                "vcores": 0
              }
            ],
            "cpu_type": "",
            "current_node": "s1vpsie01",
            "default_ipv4_address": "11.1.1.199",
            "default_ipv6_address": "",
            "define_connection_info": true,
            "desc": null,
            "description": "Managed by Terraform.",
            "disk": [],
            "disks": [
              {
                "ide": [
                  {
                    "ide0": [
                      {
                        "cdrom": [],
                        "cloudinit": [
                          {
                            "storage": "local"
                          }
                        ],
                        "disk": [],
                        "ignore": false,
                        "passthrough": []
                      }
                    ],
                    "ide1": [],
                    "ide2": [],
                    "ide3": []
                  }
                ],
                "sata": [],
                "scsi": [],
                "virtio": [
                  {
                    "virtio0": [
                      {
                        "cdrom": [],
                        "disk": [
                          {
                            "asyncio": "",
                            "backup": true,
                            "cache": "",
                            "discard": true,
                            "format": "qcow2",
                            "id": 0,
                            "iops_r_burst": 0,
                            "iops_r_burst_length": 0,
                            "iops_r_concurrent": 0,
                            "iops_wr_burst": 0,
                            "iops_wr_burst_length": 0,
                            "iops_wr_concurrent": 0,
                            "iothread": true,
                            "linked_disk_id": -1,
                            "mbps_r_burst": 0,
                            "mbps_r_concurrent": 0,
                            "mbps_wr_burst": 0,
                            "mbps_wr_concurrent": 0,
                            "readonly": false,
                            "replicate": false,
                            "serial": "",
                            "size": "40G",
                            "storage": "local",
                            "wwn": ""
                          }
                        ],
                        "ignore": false,
                        "passthrough": []
                      }
                    ],
                    "virtio1": [],
                    "virtio10": [],
                    "virtio11": [],
                    "virtio12": [],
                    "virtio13": [],
                    "virtio14": [],
                    "virtio15": [],
                    "virtio2": [],
                    "virtio3": [],
                    "virtio4": [],
                    "virtio5": [],
                    "virtio6": [],
                    "virtio7": [],
                    "virtio8": [],
                    "virtio9": []
                  }
                ]
              }
            ],
            "efidisk": [],
            "force_create": false,
            "force_recreate_on_change_of": null,
            "full_clone": true,
            "hagroup": "",
            "hastate": "",
            "hostpci": [],
            "hotplug": "network,disk,usb",
            "id": "s1vpsie01/qemu/199",
            "ipconfig0": "ip=11.1.1.199/24,gw=11.1.1.1",
            "ipconfig1": null,
            "ipconfig10": null,
            "ipconfig11": null,
            "ipconfig12": null,
            "ipconfig13": null,
            "ipconfig14": null,
            "ipconfig15": null,
            "ipconfig2": null,
            "ipconfig3": null,
            "ipconfig4": null,
            "ipconfig5": null,
            "ipconfig6": null,
            "ipconfig7": null,
            "ipconfig8": null,
            "ipconfig9": null,
            "kvm": true,
            "linked_vmid": 0,
            "machine": "",
            "memory": 2048,
            "name": "demo-k8storage",
            "nameserver": null,
            "network": [
              {
                "bridge": "vmbr10",
                "firewall": false,
                "id": 0,
                "link_down": false,
                "macaddr": "bc:24:11:de:22:a8",
                "model": "virtio",
                "mtu": 0,
                "queues": 0,
                "rate": 0,
                "tag": 1
              }
            ],
            "numa": false,
            "onboot": false,
            "os_network_config": null,
            "os_type": "cloud-init",
            "pci": [],
            "pcis": [],
            "pool": "",
            "protection": false,
            "pxe": null,
            "qemu_os": "l26",
            "reboot_required": false,
            "rng": [],
            "scsihw": "virtio-scsi-pci",
            "searchdomain": null,
            "serial": [],
            "skip_ipv4": false,
            "skip_ipv6": false,
            "smbios": [
              {
                "family": "",
                "manufacturer": "",
                "product": "",
                "serial": "",
                "sku": "",
                "uuid": "e46f22c5-726e-47a4-9e86-2aad36c8236d",
                "version": ""
              }
            ],
            "sockets": 0,
            "ssh_forward_ip": null,
            "ssh_host": "11.1.1.199",
            "ssh_port": "22",
            "ssh_private_key": null,
            "ssh_user": null,
            "sshkeys": "ssh-rsa AAAAB3NzaC1yc2EAAAADAQABAAACAQCTEv94K1Fdq5Hksz6ltZGQAXtam8olX/BXzKLfai9PrAG9sEJdhNLqIdVj0Jffq2z3xw3oLaKNYmlb5zv4UYxeAG7AOIVKNXPTInbbpkbg5mO8iuLOdoCIDOqa5Zv9SdVCNWG+K45pXtKqHUUlyODOdsWn/JcvSL2vP1Np93qilvObA2ueXnDAEFKEbOrtiIZiyI/oxfX7VBWSfMQHFrJgNyiXphhj7xH/8iZeuXAF70q4x+a+hAP+hwqbHQbR15X68jypwfSBut199o+2pUNFqB8IMlCLwUzJH1ZG2Ho6tHeWMOfa1Nbzu5vbEtPjtUGw/qbmoJ94TI4z1mebiJiIxA1h9SJFZ85FmMwVopy5fso36Bz58OWUlFBBwj5brXapDI5AGXgDBvX1TE77Rl27xJ2J0UWnp9mLtC8HvWw/ea8ZFXMK1A9M8QHhyY/NTAJJM43C523GVVbdF/fcYnQq2ZyQHvMknR64cZqI0Qq1I5IhtHj6Qx1N3iuGaMqXdumOqTjmnSnIgT5HWOJwJpgjbHxIGFWjUtZUf1/q+aqQlPQBqRfeps6LPonF0nsXE3pZHQvXLo0bg01h5CbBZucjeTLJUwDUs8YibTnTwL7eTJEsUa5x5XEaqOlxaETbv59hwIDktH9KmiRdnCjpsjHKzicmA+3REnYzR8n93IqGJQ== amattar@proton.me\n",
            "startup": "",
            "tablet": true,
            "tags": "vpsie_vcop_demo_kubernetes_storage",
            "target_node": "s1vpsie01",
            "target_nodes": null,
            "timeouts": null,
            "tpm_state": [],
            "unused_disk": [],
            "usb": [],
            "usbs": [],
            "vcpus": 0,
            "vga": [],
            "vm_state": "running",
            "vmid": 199
          },
          "sensitive_attributes": [
            [
              {
                "type": "get_attr",
                "value": "cipassword"
              }
            ],
            [
              {
                "type": "get_attr",
                "value": "ssh_private_key"
              }
            ]
          ],
          "identity_schema_version": 0,
          "private": "eyJlMmJmYjczMC1lY2FhLTExZTYtOGY4OC0zNDM2M2JjN2M0YzAiOnsiY3JlYXRlIjoxMjAwMDAwMDAwMDAwLCJkZWZhdWx0IjoxMjAwMDAwMDAwMDAwLCJkZWxldGUiOjEyMDAwMDAwMDAwMDAsInJlYWQiOjEyMDAwMDAwMDAwMDAsInVwZGF0ZSI6MTIwMDAwMDAwMDAwMH19"
        }
      ]
    },
    {
      "module": "module.kubernetes",
      "mode": "managed",
      "type": "proxmox_vm_qemu",
      "name": "master",
      "provider": "provider[\"registry.terraform.io/telmate/proxmox\"]",
      "instances": [
        {
          "index_key": 0,
          "schema_version": 0,
          "attributes": {
            "additional_wait": 5,
            "agent": 1,
            "agent_timeout": 90,
            "args": "",
            "automatic_reboot": true,
            "balloon": 0,
            "bios": "seabios",
            "boot": "order=virtio0",
            "bootdisk": "",
            "ci_wait": null,
            "cicustom": null,
            "cipassword": "",
            "ciupgrade": false,
            "ciuser": "vpsie",
            "clone": "ci001",
            "clone_id": null,
            "clone_wait": 10,
            "cores": 0,
            "cpu": [
              {
                "affinity": "",
                "cores": 2,
                "flags": [],
                "limit": 0,
                "numa": false,
                "sockets": 1,
                "type": "x86-64-v2-AES",
                "units": 0,
                "vcores": 0
              }
            ],
            "cpu_type": "",
            "current_node": "s1vpsie01",
            "default_ipv4_address": "11.1.1.190",
            "default_ipv6_address": "",
            "define_connection_info": true,
            "desc": null,
            "description": "Managed by Terraform.",
            "disk": [],
            "disks": [
              {
                "ide": [
                  {
                    "ide0": [
                      {
                        "cdrom": [],
                        "cloudinit": [
                          {
                            "storage": "local"
                          }
                        ],
                        "disk": [],
                        "ignore": false,
                        "passthrough": []
                      }
                    ],
                    "ide1": [],
                    "ide2": [],
                    "ide3": []
                  }
                ],
                "sata": [],
                "scsi": [],
                "virtio": [
                  {
                    "virtio0": [
                      {
                        "cdrom": [],
                        "disk": [
                          {
                            "asyncio": "",
                            "backup": true,
                            "cache": "",
                            "discard": true,
                            "format": "qcow2",
                            "id": 0,
                            "iops_r_burst": 0,
                            "iops_r_burst_length": 0,
                            "iops_r_concurrent": 0,
                            "iops_wr_burst": 0,
                            "iops_wr_burst_length": 0,
                            "iops_wr_concurrent": 0,
                            "iothread": true,
                            "linked_disk_id": -1,
                            "mbps_r_burst": 0,
                            "mbps_r_concurrent": 0,
                            "mbps_wr_burst": 0,
                            "mbps_wr_concurrent": 0,
                            "readonly": false,
                            "replicate": false,
                            "serial": "",
                            "size": "40G",
                            "storage": "local",
                            "wwn": ""
                          }
                        ],
                        "ignore": false,
                        "passthrough": []
                      }
                    ],
                    "virtio1": [],
                    "virtio10": [],
                    "virtio11": [],
                    "virtio12": [],
                    "virtio13": [],
                    "virtio14": [],
                    "virtio15": [],
                    "virtio2": [],
                    "virtio3": [],
                    "virtio4": [],
                    "virtio5": [],
                    "virtio6": [],
                    "virtio7": [],
                    "virtio8": [],
                    "virtio9": []
                  }
                ]
              }
            ],
            "efidisk": [],
            "force_create": false,
            "force_recreate_on_change_of": null,
            "full_clone": true,
            "hagroup": "",
            "hastate": "",
            "hostpci": [],
            "hotplug": "network,disk,usb",
            "id": "s1vpsie01/qemu/190",
            "ipconfig0": "ip=11.1.1.190/24,gw=11.1.1.1",
            "ipconfig1": null,
            "ipconfig10": null,
            "ipconfig11": null,
            "ipconfig12": null,
            "ipconfig13": null,
            "ipconfig14": null,
            "ipconfig15": null,
            "ipconfig2": null,
            "ipconfig3": null,
            "ipconfig4": null,
            "ipconfig5": null,
            "ipconfig6": null,
            "ipconfig7": null,
            "ipconfig8": null,
            "ipconfig9": null,
            "kvm": true,
            "linked_vmid": 0,
            "machine": "",
            "memory": 4096,
            "name": "demo-master01",
            "nameserver": null,
            "network": [
              {
                "bridge": "vmbr10",
                "firewall": false,
                "id": 0,
                "link_down": false,
                "macaddr": "bc:24:11:8e:cd:62",
                "model": "virtio",
                "mtu": 0,
                "queues": 0,
                "rate": 0,
                "tag": 1
              }
            ],
            "numa": false,
            "onboot": false,
            "os_network_config": null,
            "os_type": "cloud-init",
            "pci": [],
            "pcis": [],
            "pool": "",
            "protection": false,
            "pxe": null,
            "qemu_os": "l26",
            "reboot_required": false,
            "rng": [],
            "scsihw": "virtio-scsi-pci",
            "searchdomain": null,
            "serial": [],
            "skip_ipv4": false,
            "skip_ipv6": false,
            "smbios": [
              {
                "family": "",
                "manufacturer": "",
                "product": "",
                "serial": "",
                "sku": "",
                "uuid": "80dda605-8ab3-4224-8a3b-e3476d3c7cea",
                "version": ""
              }
            ],
            "sockets": 0,
            "ssh_forward_ip": null,
            "ssh_host": "11.1.1.190",
            "ssh_port": "22",
            "ssh_private_key": null,
            "ssh_user": null,
            "sshkeys": "ssh-rsa AAAAB3NzaC1yc2EAAAADAQABAAACAQCTEv94K1Fdq5Hksz6ltZGQAXtam8olX/BXzKLfai9PrAG9sEJdhNLqIdVj0Jffq2z3xw3oLaKNYmlb5zv4UYxeAG7AOIVKNXPTInbbpkbg5mO8iuLOdoCIDOqa5Zv9SdVCNWG+K45pXtKqHUUlyODOdsWn/JcvSL2vP1Np93qilvObA2ueXnDAEFKEbOrtiIZiyI/oxfX7VBWSfMQHFrJgNyiXphhj7xH/8iZeuXAF70q4x+a+hAP+hwqbHQbR15X68jypwfSBut199o+2pUNFqB8IMlCLwUzJH1ZG2Ho6tHeWMOfa1Nbzu5vbEtPjtUGw/qbmoJ94TI4z1mebiJiIxA1h9SJFZ85FmMwVopy5fso36Bz58OWUlFBBwj5brXapDI5AGXgDBvX1TE77Rl27xJ2J0UWnp9mLtC8HvWw/ea8ZFXMK1A9M8QHhyY/NTAJJM43C523GVVbdF/fcYnQq2ZyQHvMknR64cZqI0Qq1I5IhtHj6Qx1N3iuGaMqXdumOqTjmnSnIgT5HWOJwJpgjbHxIGFWjUtZUf1/q+aqQlPQBqRfeps6LPonF0nsXE3pZHQvXLo0bg01h5CbBZucjeTLJUwDUs8YibTnTwL7eTJEsUa5x5XEaqOlxaETbv59hwIDktH9KmiRdnCjpsjHKzicmA+3REnYzR8n93IqGJQ== amattar@proton.me\n",
            "startup": "",
            "tablet": true,
            "tags": "vpsie_vcop_demo_kubernetes_master_node_01",
            "target_node": "s1vpsie01",
            "target_nodes": null,
            "timeouts": null,
            "tpm_state": [],
            "unused_disk": [],
            "usb": [],
            "usbs": [],
            "vcpus": 0,
            "vga": [],
            "vm_state": "running",
            "vmid": 190
          },
          "sensitive_attributes": [
            [
              {
                "type": "get_attr",
                "value": "cipassword"
              }
            ],
            [
              {
                "type": "get_attr",
                "value": "ssh_private_key"
              }
            ]
          ],
          "identity_schema_version": 0,
          "private": "eyJlMmJmYjczMC1lY2FhLTExZTYtOGY4OC0zNDM2M2JjN2M0YzAiOnsiY3JlYXRlIjoxMjAwMDAwMDAwMDAwLCJkZWZhdWx0IjoxMjAwMDAwMDAwMDAwLCJkZWxldGUiOjEyMDAwMDAwMDAwMDAsInJlYWQiOjEyMDAwMDAwMDAwMDAsInVwZGF0ZSI6MTIwMDAwMDAwMDAwMH19"
        },
        {
          "index_key": 1,
          "schema_version": 0,
          "attributes": {
            "additional_wait": 5,
            "agent": 1,
            "agent_timeout": 90,
            "args": "",
            "automatic_reboot": true,
            "balloon": 0,
            "bios": "seabios",
            "boot": "order=virtio0",
            "bootdisk": "",
            "ci_wait": null,
            "cicustom": null,
            "cipassword": "",
            "ciupgrade": false,
            "ciuser": "vpsie",
            "clone": "ci001",
            "clone_id": null,
            "clone_wait": 10,
            "cores": 0,
            "cpu": [
              {
                "affinity": "",
                "cores": 2,
                "flags": [],
                "limit": 0,
                "numa": false,
                "sockets": 1,
                "type": "x86-64-v2-AES",
                "units": 0,
                "vcores": 0
              }
            ],
            "cpu_type": "",
            "current_node": "s1vpsie01",
            "default_ipv4_address": "11.1.1.191",
            "default_ipv6_address": "",
            "define_connection_info": true,
            "desc": null,
            "description": "Managed by Terraform.",
            "disk": [],
            "disks": [
              {
                "ide": [
                  {
                    "ide0": [
                      {
                        "cdrom": [],
                        "cloudinit": [
                          {
                            "storage": "local"
                          }
                        ],
                        "disk": [],
                        "ignore": false,
                        "passthrough": []
                      }
                    ],
                    "ide1": [],
                    "ide2": [],
                    "ide3": []
                  }
                ],
                "sata": [],
                "scsi": [],
                "virtio": [
                  {
                    "virtio0": [
                      {
                        "cdrom": [],
                        "disk": [
                          {
                            "asyncio": "",
                            "backup": true,
                            "cache": "",
                            "discard": true,
                            "format": "qcow2",
                            "id": 0,
                            "iops_r_burst": 0,
                            "iops_r_burst_length": 0,
                            "iops_r_concurrent": 0,
                            "iops_wr_burst": 0,
                            "iops_wr_burst_length": 0,
                            "iops_wr_concurrent": 0,
                            "iothread": true,
                            "linked_disk_id": -1,
                            "mbps_r_burst": 0,
                            "mbps_r_concurrent": 0,
                            "mbps_wr_burst": 0,
                            "mbps_wr_concurrent": 0,
                            "readonly": false,
                            "replicate": false,
                            "serial": "",
                            "size": "40G",
                            "storage": "local",
                            "wwn": ""
                          }
                        ],
                        "ignore": false,
                        "passthrough": []
                      }
                    ],
                    "virtio1": [],
                    "virtio10": [],
                    "virtio11": [],
                    "virtio12": [],
                    "virtio13": [],
                    "virtio14": [],
                    "virtio15": [],
                    "virtio2": [],
                    "virtio3": [],
                    "virtio4": [],
                    "virtio5": [],
                    "virtio6": [],
                    "virtio7": [],
                    "virtio8": [],
                    "virtio9": []
                  }
                ]
              }
            ],
            "efidisk": [],
            "force_create": false,
            "force_recreate_on_change_of": null,
            "full_clone": true,
            "hagroup": "",
            "hastate": "",
            "hostpci": [],
            "hotplug": "network,disk,usb",
            "id": "s1vpsie01/qemu/191",
            "ipconfig0": "ip=11.1.1.191/24,gw=11.1.1.1",
            "ipconfig1": null,
            "ipconfig10": null,
            "ipconfig11": null,
            "ipconfig12": null,
            "ipconfig13": null,
            "ipconfig14": null,
            "ipconfig15": null,
            "ipconfig2": null,
            "ipconfig3": null,
            "ipconfig4": null,
            "ipconfig5": null,
            "ipconfig6": null,
            "ipconfig7": null,
            "ipconfig8": null,
            "ipconfig9": null,
            "kvm": true,
            "linked_vmid": 0,
            "machine": "",
            "memory": 4096,
            "name": "demo-master02",
            "nameserver": null,
            "network": [
              {
                "bridge": "vmbr10",
                "firewall": false,
                "id": 0,
                "link_down": false,
                "macaddr": "bc:24:11:68:f2:40",
                "model": "virtio",
                "mtu": 0,
                "queues": 0,
                "rate": 0,
                "tag": 1
              }
            ],
            "numa": false,
            "onboot": false,
            "os_network_config": null,
            "os_type": "cloud-init",
            "pci": [],
            "pcis": [],
            "pool": "",
            "protection": false,
            "pxe": null,
            "qemu_os": "l26",
            "reboot_required": false,
            "rng": [],
            "scsihw": "virtio-scsi-pci",
            "searchdomain": null,
            "serial": [],
            "skip_ipv4": false,
            "skip_ipv6": false,
            "smbios": [
              {
                "family": "",
                "manufacturer": "",
                "product": "",
                "serial": "",
                "sku": "",
                "uuid": "e1c3da2b-e1c6-46cd-baa4-5657ebd418e4",
                "version": ""
              }
            ],
            "sockets": 0,
            "ssh_forward_ip": null,
            "ssh_host": "11.1.1.191",
            "ssh_port": "22",
            "ssh_private_key": null,
            "ssh_user": null,
            "sshkeys": "ssh-rsa AAAAB3NzaC1yc2EAAAADAQABAAACAQCTEv94K1Fdq5Hksz6ltZGQAXtam8olX/BXzKLfai9PrAG9sEJdhNLqIdVj0Jffq2z3xw3oLaKNYmlb5zv4UYxeAG7AOIVKNXPTInbbpkbg5mO8iuLOdoCIDOqa5Zv9SdVCNWG+K45pXtKqHUUlyODOdsWn/JcvSL2vP1Np93qilvObA2ueXnDAEFKEbOrtiIZiyI/oxfX7VBWSfMQHFrJgNyiXphhj7xH/8iZeuXAF70q4x+a+hAP+hwqbHQbR15X68jypwfSBut199o+2pUNFqB8IMlCLwUzJH1ZG2Ho6tHeWMOfa1Nbzu5vbEtPjtUGw/qbmoJ94TI4z1mebiJiIxA1h9SJFZ85FmMwVopy5fso36Bz58OWUlFBBwj5brXapDI5AGXgDBvX1TE77Rl27xJ2J0UWnp9mLtC8HvWw/ea8ZFXMK1A9M8QHhyY/NTAJJM43C523GVVbdF/fcYnQq2ZyQHvMknR64cZqI0Qq1I5IhtHj6Qx1N3iuGaMqXdumOqTjmnSnIgT5HWOJwJpgjbHxIGFWjUtZUf1/q+aqQlPQBqRfeps6LPonF0nsXE3pZHQvXLo0bg01h5CbBZucjeTLJUwDUs8YibTnTwL7eTJEsUa5x5XEaqOlxaETbv59hwIDktH9KmiRdnCjpsjHKzicmA+3REnYzR8n93IqGJQ== amattar@proton.me\n",
            "startup": "",
            "tablet": true,
            "tags": "vpsie_vcop_demo_kubernetes_master_node_02",
            "target_node": "s1vpsie01",
            "target_nodes": null,
            "timeouts": null,
            "tpm_state": [],
            "unused_disk": [],
            "usb": [],
            "usbs": [],
            "vcpus": 0,
            "vga": [],
            "vm_state": "running",
            "vmid": 191
          },
          "sensitive_attributes": [
            [
              {
                "type": "get_attr",
                "value": "cipassword"
              }
            ],
            [
              {
                "type": "get_attr",
                "value": "ssh_private_key"
              }
            ]
          ],
          "identity_schema_version": 0,
          "private": "eyJlMmJmYjczMC1lY2FhLTExZTYtOGY4OC0zNDM2M2JjN2M0YzAiOnsiY3JlYXRlIjoxMjAwMDAwMDAwMDAwLCJkZWZhdWx0IjoxMjAwMDAwMDAwMDAwLCJkZWxldGUiOjEyMDAwMDAwMDAwMDAsInJlYWQiOjEyMDAwMDAwMDAwMDAsInVwZGF0ZSI6MTIwMDAwMDAwMDAwMH19"
        },
        {
          "index_key": 2,
          "schema_version": 0,
          "attributes": {
            "additional_wait": 5,
            "agent": 1,
            "agent_timeout": 90,
            "args": "",
            "automatic_reboot": true,
            "balloon": 0,
            "bios": "seabios",
            "boot": "order=virtio0",
            "bootdisk": "",
            "ci_wait": null,
            "cicustom": null,
            "cipassword": "",
            "ciupgrade": false,
            "ciuser": "vpsie",
            "clone": "ci001",
            "clone_id": null,
            "clone_wait": 10,
            "cores": 0,
            "cpu": [
              {
                "affinity": "",
                "cores": 2,
                "flags": [],
                "limit": 0,
                "numa": false,
                "sockets": 1,
                "type": "x86-64-v2-AES",
                "units": 0,
                "vcores": 0
              }
            ],
            "cpu_type": "",
            "current_node": "s1vpsie01",
            "default_ipv4_address": "11.1.1.192",
            "default_ipv6_address": "",
            "define_connection_info": true,
            "desc": null,
            "description": "Managed by Terraform.",
            "disk": [],
            "disks": [
              {
                "ide": [
                  {
                    "ide0": [
                      {
                        "cdrom": [],
                        "cloudinit": [
                          {
                            "storage": "local"
                          }
                        ],
                        "disk": [],
                        "ignore": false,
                        "passthrough": []
                      }
                    ],
                    "ide1": [],
                    "ide2": [],
                    "ide3": []
                  }
                ],
                "sata": [],
                "scsi": [],
                "virtio": [
                  {
                    "virtio0": [
                      {
                        "cdrom": [],
                        "disk": [
                          {
                            "asyncio": "",
                            "backup": true,
                            "cache": "",
                            "discard": true,
                            "format": "qcow2",
                            "id": 0,
                            "iops_r_burst": 0,
                            "iops_r_burst_length": 0,
                            "iops_r_concurrent": 0,
                            "iops_wr_burst": 0,
                            "iops_wr_burst_length": 0,
                            "iops_wr_concurrent": 0,
                            "iothread": true,
                            "linked_disk_id": -1,
                            "mbps_r_burst": 0,
                            "mbps_r_concurrent": 0,
                            "mbps_wr_burst": 0,
                            "mbps_wr_concurrent": 0,
                            "readonly": false,
                            "replicate": false,
                            "serial": "",
                            "size": "40G",
                            "storage": "local",
                            "wwn": ""
                          }
                        ],
                        "ignore": false,
                        "passthrough": []
                      }
                    ],
                    "virtio1": [],
                    "virtio10": [],
                    "virtio11": [],
                    "virtio12": [],
                    "virtio13": [],
                    "virtio14": [],
                    "virtio15": [],
                    "virtio2": [],
                    "virtio3": [],
                    "virtio4": [],
                    "virtio5": [],
                    "virtio6": [],
                    "virtio7": [],
                    "virtio8": [],
                    "virtio9": []
                  }
                ]
              }
            ],
            "efidisk": [],
            "force_create": false,
            "force_recreate_on_change_of": null,
            "full_clone": true,
            "hagroup": "",
            "hastate": "",
            "hostpci": [],
            "hotplug": "network,disk,usb",
            "id": "s1vpsie01/qemu/192",
            "ipconfig0": "ip=11.1.1.192/24,gw=11.1.1.1",
            "ipconfig1": null,
            "ipconfig10": null,
            "ipconfig11": null,
            "ipconfig12": null,
            "ipconfig13": null,
            "ipconfig14": null,
            "ipconfig15": null,
            "ipconfig2": null,
            "ipconfig3": null,
            "ipconfig4": null,
            "ipconfig5": null,
            "ipconfig6": null,
            "ipconfig7": null,
            "ipconfig8": null,
            "ipconfig9": null,
            "kvm": true,
            "linked_vmid": 0,
            "machine": "",
            "memory": 4096,
            "name": "demo-master03",
            "nameserver": null,
            "network": [
              {
                "bridge": "vmbr10",
                "firewall": false,
                "id": 0,
                "link_down": false,
                "macaddr": "bc:24:11:7d:93:db",
                "model": "virtio",
                "mtu": 0,
                "queues": 0,
                "rate": 0,
                "tag": 1
              }
            ],
            "numa": false,
            "onboot": false,
            "os_network_config": null,
            "os_type": "cloud-init",
            "pci": [],
            "pcis": [],
            "pool": "",
            "protection": false,
            "pxe": null,
            "qemu_os": "l26",
            "reboot_required": false,
            "rng": [],
            "scsihw": "virtio-scsi-pci",
            "searchdomain": null,
            "serial": [],
            "skip_ipv4": false,
            "skip_ipv6": false,
            "smbios": [
              {
                "family": "",
                "manufacturer": "",
                "product": "",
                "serial": "",
                "sku": "",
                "uuid": "bcee8843-efc9-407f-bc5a-d8652fb81a8f",
                "version": ""
              }
            ],
            "sockets": 0,
            "ssh_forward_ip": null,
            "ssh_host": "11.1.1.192",
            "ssh_port": "22",
            "ssh_private_key": null,
            "ssh_user": null,
            "sshkeys": "ssh-rsa AAAAB3NzaC1yc2EAAAADAQABAAACAQCTEv94K1Fdq5Hksz6ltZGQAXtam8olX/BXzKLfai9PrAG9sEJdhNLqIdVj0Jffq2z3xw3oLaKNYmlb5zv4UYxeAG7AOIVKNXPTInbbpkbg5mO8iuLOdoCIDOqa5Zv9SdVCNWG+K45pXtKqHUUlyODOdsWn/JcvSL2vP1Np93qilvObA2ueXnDAEFKEbOrtiIZiyI/oxfX7VBWSfMQHFrJgNyiXphhj7xH/8iZeuXAF70q4x+a+hAP+hwqbHQbR15X68jypwfSBut199o+2pUNFqB8IMlCLwUzJH1ZG2Ho6tHeWMOfa1Nbzu5vbEtPjtUGw/qbmoJ94TI4z1mebiJiIxA1h9SJFZ85FmMwVopy5fso36Bz58OWUlFBBwj5brXapDI5AGXgDBvX1TE77Rl27xJ2J0UWnp9mLtC8HvWw/ea8ZFXMK1A9M8QHhyY/NTAJJM43C523GVVbdF/fcYnQq2ZyQHvMknR64cZqI0Qq1I5IhtHj6Qx1N3iuGaMqXdumOqTjmnSnIgT5HWOJwJpgjbHxIGFWjUtZUf1/q+aqQlPQBqRfeps6LPonF0nsXE3pZHQvXLo0bg01h5CbBZucjeTLJUwDUs8YibTnTwL7eTJEsUa5x5XEaqOlxaETbv59hwIDktH9KmiRdnCjpsjHKzicmA+3REnYzR8n93IqGJQ== amattar@proton.me\n",
            "startup": "",
            "tablet": true,
            "tags": "vpsie_vcop_demo_kubernetes_master_node_03",
            "target_node": "s1vpsie01",
            "target_nodes": null,
            "timeouts": null,
            "tpm_state": [],
            "unused_disk": [],
            "usb": [],
            "usbs": [],
            "vcpus": 0,
            "vga": [],
            "vm_state": "running",
            "vmid": 192
          },
          "sensitive_attributes": [
            [
              {
                "type": "get_attr",
                "value": "cipassword"
              }
            ],
            [
              {
                "type": "get_attr",
                "value": "ssh_private_key"
              }
            ]
          ],
          "identity_schema_version": 0,
          "private": "eyJlMmJmYjczMC1lY2FhLTExZTYtOGY4OC0zNDM2M2JjN2M0YzAiOnsiY3JlYXRlIjoxMjAwMDAwMDAwMDAwLCJkZWZhdWx0IjoxMjAwMDAwMDAwMDAwLCJkZWxldGUiOjEyMDAwMDAwMDAwMDAsInJlYWQiOjEyMDAwMDAwMDAwMDAsInVwZGF0ZSI6MTIwMDAwMDAwMDAwMH19"
        }
      ]
    },
    {
      "module": "module.kubernetes",
      "mode": "managed",
      "type": "proxmox_vm_qemu",
      "name": "worker",
      "provider": "provider[\"registry.terraform.io/telmate/proxmox\"]",
      "instances": [
        {
          "index_key": 0,
          "schema_version": 0,
          "attributes": {
            "additional_wait": 5,
            "agent": 1,
            "agent_timeout": 90,
            "args": "",
            "automatic_reboot": true,
            "balloon": 0,
            "bios": "seabios",
            "boot": "order=virtio0",
            "bootdisk": "",
            "ci_wait": null,
            "cicustom": null,
            "cipassword": "",
            "ciupgrade": false,
            "ciuser": "vpsie",
            "clone": "ci001",
            "clone_id": null,
            "clone_wait": 10,
            "cores": 0,
            "cpu": [
              {
                "affinity": "",
                "cores": 2,
                "flags": [],
                "limit": 0,
                "numa": false,
                "sockets": 1,
                "type": "x86-64-v2-AES",
                "units": 0,
                "vcores": 0
              }
            ],
            "cpu_type": "",
            "current_node": "s1vpsie01",
            "default_ipv4_address": "11.1.1.193",
            "default_ipv6_address": "",
            "define_connection_info": true,
            "desc": null,
            "description": "Managed by Terraform.",
            "disk": [],
            "disks": [
              {
                "ide": [
                  {
                    "ide0": [
                      {
                        "cdrom": [],
                        "cloudinit": [
                          {
                            "storage": "local"
                          }
                        ],
                        "disk": [],
                        "ignore": false,
                        "passthrough": []
                      }
                    ],
                    "ide1": [],
                    "ide2": [],
                    "ide3": []
                  }
                ],
                "sata": [],
                "scsi": [],
                "virtio": [
                  {
                    "virtio0": [
                      {
                        "cdrom": [],
                        "disk": [
                          {
                            "asyncio": "",
                            "backup": true,
                            "cache": "",
                            "discard": true,
                            "format": "qcow2",
                            "id": 0,
                            "iops_r_burst": 0,
                            "iops_r_burst_length": 0,
                            "iops_r_concurrent": 0,
                            "iops_wr_burst": 0,
                            "iops_wr_burst_length": 0,
                            "iops_wr_concurrent": 0,
                            "iothread": true,
                            "linked_disk_id": -1,
                            "mbps_r_burst": 0,
                            "mbps_r_concurrent": 0,
                            "mbps_wr_burst": 0,
                            "mbps_wr_concurrent": 0,
                            "readonly": false,
                            "replicate": false,
                            "serial": "",
                            "size": "40G",
                            "storage": "local",
                            "wwn": ""
                          }
                        ],
                        "ignore": false,
                        "passthrough": []
                      }
                    ],
                    "virtio1": [],
                    "virtio10": [],
                    "virtio11": [],
                    "virtio12": [],
                    "virtio13": [],
                    "virtio14": [],
                    "virtio15": [],
                    "virtio2": [],
                    "virtio3": [],
                    "virtio4": [],
                    "virtio5": [],
                    "virtio6": [],
                    "virtio7": [],
                    "virtio8": [],
                    "virtio9": []
                  }
                ]
              }
            ],
            "efidisk": [],
            "force_create": false,
            "force_recreate_on_change_of": null,
            "full_clone": true,
            "hagroup": "",
            "hastate": "",
            "hostpci": [],
            "hotplug": "network,disk,usb",
            "id": "s1vpsie01/qemu/193",
            "ipconfig0": "ip=11.1.1.193/24,gw=11.1.1.1",
            "ipconfig1": null,
            "ipconfig10": null,
            "ipconfig11": null,
            "ipconfig12": null,
            "ipconfig13": null,
            "ipconfig14": null,
            "ipconfig15": null,
            "ipconfig2": null,
            "ipconfig3": null,
            "ipconfig4": null,
            "ipconfig5": null,
            "ipconfig6": null,
            "ipconfig7": null,
            "ipconfig8": null,
            "ipconfig9": null,
            "kvm": true,
            "linked_vmid": 0,
            "machine": "",
            "memory": 4096,
            "name": "demo-worker01",
            "nameserver": null,
            "network": [
              {
                "bridge": "vmbr10",
                "firewall": false,
                "id": 0,
                "link_down": false,
                "macaddr": "bc:24:11:21:5a:58",
                "model": "virtio",
                "mtu": 0,
                "queues": 0,
                "rate": 0,
                "tag": 1
              }
            ],
            "numa": false,
            "onboot": false,
            "os_network_config": null,
            "os_type": "cloud-init",
            "pci": [],
            "pcis": [],
            "pool": "",
            "protection": false,
            "pxe": null,
            "qemu_os": "l26",
            "reboot_required": false,
            "rng": [],
            "scsihw": "virtio-scsi-pci",
            "searchdomain": null,
            "serial": [],
            "skip_ipv4": false,
            "skip_ipv6": false,
            "smbios": [
              {
                "family": "",
                "manufacturer": "",
                "product": "",
                "serial": "",
                "sku": "",
                "uuid": "67a33b9e-0499-4789-af02-fff17871f10a",
                "version": ""
              }
            ],
            "sockets": 0,
            "ssh_forward_ip": null,
            "ssh_host": "11.1.1.193",
            "ssh_port": "22",
            "ssh_private_key": null,
            "ssh_user": null,
            "sshkeys": "ssh-rsa AAAAB3NzaC1yc2EAAAADAQABAAACAQCTEv94K1Fdq5Hksz6ltZGQAXtam8olX/BXzKLfai9PrAG9sEJdhNLqIdVj0Jffq2z3xw3oLaKNYmlb5zv4UYxeAG7AOIVKNXPTInbbpkbg5mO8iuLOdoCIDOqa5Zv9SdVCNWG+K45pXtKqHUUlyODOdsWn/JcvSL2vP1Np93qilvObA2ueXnDAEFKEbOrtiIZiyI/oxfX7VBWSfMQHFrJgNyiXphhj7xH/8iZeuXAF70q4x+a+hAP+hwqbHQbR15X68jypwfSBut199o+2pUNFqB8IMlCLwUzJH1ZG2Ho6tHeWMOfa1Nbzu5vbEtPjtUGw/qbmoJ94TI4z1mebiJiIxA1h9SJFZ85FmMwVopy5fso36Bz58OWUlFBBwj5brXapDI5AGXgDBvX1TE77Rl27xJ2J0UWnp9mLtC8HvWw/ea8ZFXMK1A9M8QHhyY/NTAJJM43C523GVVbdF/fcYnQq2ZyQHvMknR64cZqI0Qq1I5IhtHj6Qx1N3iuGaMqXdumOqTjmnSnIgT5HWOJwJpgjbHxIGFWjUtZUf1/q+aqQlPQBqRfeps6LPonF0nsXE3pZHQvXLo0bg01h5CbBZucjeTLJUwDUs8YibTnTwL7eTJEsUa5x5XEaqOlxaETbv59hwIDktH9KmiRdnCjpsjHKzicmA+3REnYzR8n93IqGJQ== amattar@proton.me\n",
            "startup": "",
            "tablet": true,
            "tags": "vpsie_vcop_demo_kubernetes_worker_node_01",
            "target_node": "s1vpsie01",
            "target_nodes": null,
            "timeouts": null,
            "tpm_state": [],
            "unused_disk": [],
            "usb": [],
            "usbs": [],
            "vcpus": 0,
            "vga": [],
            "vm_state": "running",
            "vmid": 193
          },
          "sensitive_attributes": [
            [
              {
                "type": "get_attr",
                "value": "cipassword"
              }
            ],
            [
              {
                "type": "get_attr",
                "value": "ssh_private_key"
              }
            ]
          ],
          "identity_schema_version": 0,
          "private": "eyJlMmJmYjczMC1lY2FhLTExZTYtOGY4OC0zNDM2M2JjN2M0YzAiOnsiY3JlYXRlIjoxMjAwMDAwMDAwMDAwLCJkZWZhdWx0IjoxMjAwMDAwMDAwMDAwLCJkZWxldGUiOjEyMDAwMDAwMDAwMDAsInJlYWQiOjEyMDAwMDAwMDAwMDAsInVwZGF0ZSI6MTIwMDAwMDAwMDAwMH19"
        },
        {
          "index_key": 1,
          "schema_version": 0,
          "attributes": {
            "additional_wait": 5,
            "agent": 1,
            "agent_timeout": 90,
            "args": "",
            "automatic_reboot": true,
            "balloon": 0,
            "bios": "seabios",
            "boot": "order=virtio0",
            "bootdisk": "",
            "ci_wait": null,
            "cicustom": null,
            "cipassword": "",
            "ciupgrade": false,
            "ciuser": "vpsie",
            "clone": "ci001",
            "clone_id": null,
            "clone_wait": 10,
            "cores": 0,
            "cpu": [
              {
                "affinity": "",
                "cores": 2,
                "flags": [],
                "limit": 0,
                "numa": false,
                "sockets": 1,
                "type": "x86-64-v2-AES",
                "units": 0,
                "vcores": 0
              }
            ],
            "cpu_type": "",
            "current_node": "s1vpsie01",
            "default_ipv4_address": "11.1.1.194",
            "default_ipv6_address": "",
            "define_connection_info": true,
            "desc": null,
            "description": "Managed by Terraform.",
            "disk": [],
            "disks": [
              {
                "ide": [
                  {
                    "ide0": [
                      {
                        "cdrom": [],
                        "cloudinit": [
                          {
                            "storage": "local"
                          }
                        ],
                        "disk": [],
                        "ignore": false,
                        "passthrough": []
                      }
                    ],
                    "ide1": [],
                    "ide2": [],
                    "ide3": []
                  }
                ],
                "sata": [],
                "scsi": [],
                "virtio": [
                  {
                    "virtio0": [
                      {
                        "cdrom": [],
                        "disk": [
                          {
                            "asyncio": "",
                            "backup": true,
                            "cache": "",
                            "discard": true,
                            "format": "qcow2",
                            "id": 0,
                            "iops_r_burst": 0,
                            "iops_r_burst_length": 0,
                            "iops_r_concurrent": 0,
                            "iops_wr_burst": 0,
                            "iops_wr_burst_length": 0,
                            "iops_wr_concurrent": 0,
                            "iothread": true,
                            "linked_disk_id": -1,
                            "mbps_r_burst": 0,
                            "mbps_r_concurrent": 0,
                            "mbps_wr_burst": 0,
                            "mbps_wr_concurrent": 0,
                            "readonly": false,
                            "replicate": false,
                            "serial": "",
                            "size": "40G",
                            "storage": "local",
                            "wwn": ""
                          }
                        ],
                        "ignore": false,
                        "passthrough": []
                      }
                    ],
                    "virtio1": [],
                    "virtio10": [],
                    "virtio11": [],
                    "virtio12": [],
                    "virtio13": [],
                    "virtio14": [],
                    "virtio15": [],
                    "virtio2": [],
                    "virtio3": [],
                    "virtio4": [],
                    "virtio5": [],
                    "virtio6": [],
                    "virtio7": [],
                    "virtio8": [],
                    "virtio9": []
                  }
                ]
              }
            ],
            "efidisk": [],
            "force_create": false,
            "force_recreate_on_change_of": null,
            "full_clone": true,
            "hagroup": "",
            "hastate": "",
            "hostpci": [],
            "hotplug": "network,disk,usb",
            "id": "s1vpsie01/qemu/194",
            "ipconfig0": "ip=11.1.1.194/24,gw=11.1.1.1",
            "ipconfig1": null,
            "ipconfig10": null,
            "ipconfig11": null,
            "ipconfig12": null,
            "ipconfig13": null,
            "ipconfig14": null,
            "ipconfig15": null,
            "ipconfig2": null,
            "ipconfig3": null,
            "ipconfig4": null,
            "ipconfig5": null,
            "ipconfig6": null,
            "ipconfig7": null,
            "ipconfig8": null,
            "ipconfig9": null,
            "kvm": true,
            "linked_vmid": 0,
            "machine": "",
            "memory": 4096,
            "name": "demo-worker02",
            "nameserver": null,
            "network": [
              {
                "bridge": "vmbr10",
                "firewall": false,
                "id": 0,
                "link_down": false,
                "macaddr": "bc:24:11:0b:f9:23",
                "model": "virtio",
                "mtu": 0,
                "queues": 0,
                "rate": 0,
                "tag": 1
              }
            ],
            "numa": false,
            "onboot": false,
            "os_network_config": null,
            "os_type": "cloud-init",
            "pci": [],
            "pcis": [],
            "pool": "",
            "protection": false,
            "pxe": null,
            "qemu_os": "l26",
            "reboot_required": false,
            "rng": [],
            "scsihw": "virtio-scsi-pci",
            "searchdomain": null,
            "serial": [],
            "skip_ipv4": false,
            "skip_ipv6": false,
            "smbios": [
              {
                "family": "",
                "manufacturer": "",
                "product": "",
                "serial": "",
                "sku": "",
                "uuid": "a970150e-fd92-492c-9d78-14b8ceda8d7d",
                "version": ""
              }
            ],
            "sockets": 0,
            "ssh_forward_ip": null,
            "ssh_host": "11.1.1.194",
            "ssh_port": "22",
            "ssh_private_key": null,
            "ssh_user": null,
            "sshkeys": "ssh-rsa AAAAB3NzaC1yc2EAAAADAQABAAACAQCTEv94K1Fdq5Hksz6ltZGQAXtam8olX/BXzKLfai9PrAG9sEJdhNLqIdVj0Jffq2z3xw3oLaKNYmlb5zv4UYxeAG7AOIVKNXPTInbbpkbg5mO8iuLOdoCIDOqa5Zv9SdVCNWG+K45pXtKqHUUlyODOdsWn/JcvSL2vP1Np93qilvObA2ueXnDAEFKEbOrtiIZiyI/oxfX7VBWSfMQHFrJgNyiXphhj7xH/8iZeuXAF70q4x+a+hAP+hwqbHQbR15X68jypwfSBut199o+2pUNFqB8IMlCLwUzJH1ZG2Ho6tHeWMOfa1Nbzu5vbEtPjtUGw/qbmoJ94TI4z1mebiJiIxA1h9SJFZ85FmMwVopy5fso36Bz58OWUlFBBwj5brXapDI5AGXgDBvX1TE77Rl27xJ2J0UWnp9mLtC8HvWw/ea8ZFXMK1A9M8QHhyY/NTAJJM43C523GVVbdF/fcYnQq2ZyQHvMknR64cZqI0Qq1I5IhtHj6Qx1N3iuGaMqXdumOqTjmnSnIgT5HWOJwJpgjbHxIGFWjUtZUf1/q+aqQlPQBqRfeps6LPonF0nsXE3pZHQvXLo0bg01h5CbBZucjeTLJUwDUs8YibTnTwL7eTJEsUa5x5XEaqOlxaETbv59hwIDktH9KmiRdnCjpsjHKzicmA+3REnYzR8n93IqGJQ== amattar@proton.me\n",
            "startup": "",
            "tablet": true,
            "tags": "vpsie_vcop_demo_kubernetes_worker_node_02",
            "target_node": "s1vpsie01",
            "target_nodes": null,
            "timeouts": null,
            "tpm_state": [],
            "unused_disk": [],
            "usb": [],
            "usbs": [],
            "vcpus": 0,
            "vga": [],
            "vm_state": "running",
            "vmid": 194
          },
          "sensitive_attributes": [
            [
              {
                "type": "get_attr",
                "value": "cipassword"
              }
            ],
            [
              {
                "type": "get_attr",
                "value": "ssh_private_key"
              }
            ]
          ],
          "identity_schema_version": 0,
          "private": "eyJlMmJmYjczMC1lY2FhLTExZTYtOGY4OC0zNDM2M2JjN2M0YzAiOnsiY3JlYXRlIjoxMjAwMDAwMDAwMDAwLCJkZWZhdWx0IjoxMjAwMDAwMDAwMDAwLCJkZWxldGUiOjEyMDAwMDAwMDAwMDAsInJlYWQiOjEyMDAwMDAwMDAwMDAsInVwZGF0ZSI6MTIwMDAwMDAwMDAwMH19"
        },
        {
          "index_key": 2,
          "schema_version": 0,
          "attributes": {
            "additional_wait": 5,
            "agent": 1,
            "agent_timeout": 90,
            "args": "",
            "automatic_reboot": true,
            "balloon": 0,
            "bios": "seabios",
            "boot": "order=virtio0",
            "bootdisk": "",
            "ci_wait": null,
            "cicustom": null,
            "cipassword": "",
            "ciupgrade": false,
            "ciuser": "vpsie",
            "clone": "ci001",
            "clone_id": null,
            "clone_wait": 10,
            "cores": 0,
            "cpu": [
              {
                "affinity": "",
                "cores": 2,
                "flags": [],
                "limit": 0,
                "numa": false,
                "sockets": 1,
                "type": "x86-64-v2-AES",
                "units": 0,
                "vcores": 0
              }
            ],
            "cpu_type": "",
            "current_node": "s1vpsie01",
            "default_ipv4_address": "11.1.1.195",
            "default_ipv6_address": "",
            "define_connection_info": true,
            "desc": null,
            "description": "Managed by Terraform.",
            "disk": [],
            "disks": [
              {
                "ide": [
                  {
                    "ide0": [
                      {
                        "cdrom": [],
                        "cloudinit": [
                          {
                            "storage": "local"
                          }
                        ],
                        "disk": [],
                        "ignore": false,
                        "passthrough": []
                      }
                    ],
                    "ide1": [],
                    "ide2": [],
                    "ide3": []
                  }
                ],
                "sata": [],
                "scsi": [],
                "virtio": [
                  {
                    "virtio0": [
                      {
                        "cdrom": [],
                        "disk": [
                          {
                            "asyncio": "",
                            "backup": true,
                            "cache": "",
                            "discard": true,
                            "format": "qcow2",
                            "id": 0,
                            "iops_r_burst": 0,
                            "iops_r_burst_length": 0,
                            "iops_r_concurrent": 0,
                            "iops_wr_burst": 0,
                            "iops_wr_burst_length": 0,
                            "iops_wr_concurrent": 0,
                            "iothread": true,
                            "linked_disk_id": -1,
                            "mbps_r_burst": 0,
                            "mbps_r_concurrent": 0,
                            "mbps_wr_burst": 0,
                            "mbps_wr_concurrent": 0,
                            "readonly": false,
                            "replicate": false,
                            "serial": "",
                            "size": "40G",
                            "storage": "local",
                            "wwn": ""
                          }
                        ],
                        "ignore": false,
                        "passthrough": []
                      }
                    ],
                    "virtio1": [],
                    "virtio10": [],
                    "virtio11": [],
                    "virtio12": [],
                    "virtio13": [],
                    "virtio14": [],
                    "virtio15": [],
                    "virtio2": [],
                    "virtio3": [],
                    "virtio4": [],
                    "virtio5": [],
                    "virtio6": [],
                    "virtio7": [],
                    "virtio8": [],
                    "virtio9": []
                  }
                ]
              }
            ],
            "efidisk": [],
            "force_create": false,
            "force_recreate_on_change_of": null,
            "full_clone": true,
            "hagroup": "",
            "hastate": "",
            "hostpci": [],
            "hotplug": "network,disk,usb",
            "id": "s1vpsie01/qemu/195",
            "ipconfig0": "ip=11.1.1.195/24,gw=11.1.1.1",
            "ipconfig1": null,
            "ipconfig10": null,
            "ipconfig11": null,
            "ipconfig12": null,
            "ipconfig13": null,
            "ipconfig14": null,
            "ipconfig15": null,
            "ipconfig2": null,
            "ipconfig3": null,
            "ipconfig4": null,
            "ipconfig5": null,
            "ipconfig6": null,
            "ipconfig7": null,
            "ipconfig8": null,
            "ipconfig9": null,
            "kvm": true,
            "linked_vmid": 0,
            "machine": "",
            "memory": 4096,
            "name": "demo-worker03",
            "nameserver": null,
            "network": [
              {
                "bridge": "vmbr10",
                "firewall": false,
                "id": 0,
                "link_down": false,
                "macaddr": "bc:24:11:e9:c1:1a",
                "model": "virtio",
                "mtu": 0,
                "queues": 0,
                "rate": 0,
                "tag": 1
              }
            ],
            "numa": false,
            "onboot": false,
            "os_network_config": null,
            "os_type": "cloud-init",
            "pci": [],
            "pcis": [],
            "pool": "",
            "protection": false,
            "pxe": null,
            "qemu_os": "l26",
            "reboot_required": false,
            "rng": [],
            "scsihw": "virtio-scsi-pci",
            "searchdomain": null,
            "serial": [],
            "skip_ipv4": false,
            "skip_ipv6": false,
            "smbios": [
              {
                "family": "",
                "manufacturer": "",
                "product": "",
                "serial": "",
                "sku": "",
                "uuid": "0fd8cdcc-57c4-4a4d-a6fe-7932a60fba7b",
                "version": ""
              }
            ],
            "sockets": 0,
            "ssh_forward_ip": null,
            "ssh_host": "11.1.1.195",
            "ssh_port": "22",
            "ssh_private_key": null,
            "ssh_user": null,
            "sshkeys": "ssh-rsa AAAAB3NzaC1yc2EAAAADAQABAAACAQCTEv94K1Fdq5Hksz6ltZGQAXtam8olX/BXzKLfai9PrAG9sEJdhNLqIdVj0Jffq2z3xw3oLaKNYmlb5zv4UYxeAG7AOIVKNXPTInbbpkbg5mO8iuLOdoCIDOqa5Zv9SdVCNWG+K45pXtKqHUUlyODOdsWn/JcvSL2vP1Np93qilvObA2ueXnDAEFKEbOrtiIZiyI/oxfX7VBWSfMQHFrJgNyiXphhj7xH/8iZeuXAF70q4x+a+hAP+hwqbHQbR15X68jypwfSBut199o+2pUNFqB8IMlCLwUzJH1ZG2Ho6tHeWMOfa1Nbzu5vbEtPjtUGw/qbmoJ94TI4z1mebiJiIxA1h9SJFZ85FmMwVopy5fso36Bz58OWUlFBBwj5brXapDI5AGXgDBvX1TE77Rl27xJ2J0UWnp9mLtC8HvWw/ea8ZFXMK1A9M8QHhyY/NTAJJM43C523GVVbdF/fcYnQq2ZyQHvMknR64cZqI0Qq1I5IhtHj6Qx1N3iuGaMqXdumOqTjmnSnIgT5HWOJwJpgjbHxIGFWjUtZUf1/q+aqQlPQBqRfeps6LPonF0nsXE3pZHQvXLo0bg01h5CbBZucjeTLJUwDUs8YibTnTwL7eTJEsUa5x5XEaqOlxaETbv59hwIDktH9KmiRdnCjpsjHKzicmA+3REnYzR8n93IqGJQ== amattar@proton.me\n",
            "startup": "",
            "tablet": true,
            "tags": "vpsie_vcop_demo_kubernetes_worker_node_03",
            "target_node": "s1vpsie01",
            "target_nodes": null,
            "timeouts": null,
            "tpm_state": [],
            "unused_disk": [],
            "usb": [],
            "usbs": [],
            "vcpus": 0,
            "vga": [],
            "vm_state": "running",
            "vmid": 195
          },
          "sensitive_attributes": [
            [
              {
                "type": "get_attr",
                "value": "cipassword"
              }
            ],
            [
              {
                "type": "get_attr",
                "value": "ssh_private_key"
              }
            ]
          ],
          "identity_schema_version": 0,
          "private": "eyJlMmJmYjczMC1lY2FhLTExZTYtOGY4OC0zNDM2M2JjN2M0YzAiOnsiY3JlYXRlIjoxMjAwMDAwMDAwMDAwLCJkZWZhdWx0IjoxMjAwMDAwMDAwMDAwLCJkZWxldGUiOjEyMDAwMDAwMDAwMDAsInJlYWQiOjEyMDAwMDAwMDAwMDAsInVwZGF0ZSI6MTIwMDAwMDAwMDAwMH19"
        }
      ]
    },
    {
      "module": "module.templateSrv",
      "mode": "managed",
      "type": "proxmox_vm_qemu",
      "name": "srv",
      "provider": "provider[\"registry.terraform.io/telmate/proxmox\"]",
      "instances": [
        {
          "schema_version": 0,
          "attributes": {
            "additional_wait": 5,
            "agent": 1,
            "agent_timeout": 90,
            "args": "",
            "automatic_reboot": true,
            "balloon": 0,
            "bios": "seabios",
            "boot": "order=virtio0",
            "bootdisk": "",
            "ci_wait": null,
            "cicustom": null,
            "cipassword": "",
            "ciupgrade": false,
            "ciuser": "vpsie",
            "clone": "ci001",
            "clone_id": null,
            "clone_wait": 10,
            "cores": 0,
            "cpu": [
              {
                "affinity": "",
                "cores": 2,
                "flags": [],
                "limit": 0,
                "numa": false,
                "sockets": 1,
                "type": "x86-64-v2-AES",
                "units": 0,
                "vcores": 0
              }
            ],
            "cpu_type": "",
            "current_node": "s1vpsie01",
            "default_ipv4_address": "11.1.1.189",
            "default_ipv6_address": "",
            "define_connection_info": true,
            "desc": null,
            "description": "Managed by Terraform.",
            "disk": [],
            "disks": [
              {
                "ide": [
                  {
                    "ide0": [
                      {
                        "cdrom": [],
                        "cloudinit": [
                          {
                            "storage": "local"
                          }
                        ],
                        "disk": [],
                        "ignore": false,
                        "passthrough": []
                      }
                    ],
                    "ide1": [],
                    "ide2": [],
                    "ide3": []
                  }
                ],
                "sata": [],
                "scsi": [],
                "virtio": [
                  {
                    "virtio0": [
                      {
                        "cdrom": [],
                        "disk": [
                          {
                            "asyncio": "",
                            "backup": true,
                            "cache": "",
                            "discard": true,
                            "format": "qcow2",
                            "id": 0,
                            "iops_r_burst": 0,
                            "iops_r_burst_length": 0,
                            "iops_r_concurrent": 0,
                            "iops_wr_burst": 0,
                            "iops_wr_burst_length": 0,
                            "iops_wr_concurrent": 0,
                            "iothread": true,
                            "linked_disk_id": -1,
                            "mbps_r_burst": 0,
                            "mbps_r_concurrent": 0,
                            "mbps_wr_burst": 0,
                            "mbps_wr_concurrent": 0,
                            "readonly": false,
                            "replicate": false,
                            "serial": "",
                            "size": "40G",
                            "storage": "local",
                            "wwn": ""
                          }
                        ],
                        "ignore": false,
                        "passthrough": []
                      }
                    ],
                    "virtio1": [],
                    "virtio10": [],
                    "virtio11": [],
                    "virtio12": [],
                    "virtio13": [],
                    "virtio14": [],
                    "virtio15": [],
                    "virtio2": [],
                    "virtio3": [],
                    "virtio4": [],
                    "virtio5": [],
                    "virtio6": [],
                    "virtio7": [],
                    "virtio8": [],
                    "virtio9": []
                  }
                ]
              }
            ],
            "efidisk": [],
            "force_create": false,
            "force_recreate_on_change_of": null,
            "full_clone": true,
            "hagroup": "",
            "hastate": "",
            "hostpci": [],
            "hotplug": "network,disk,usb",
            "id": "s1vpsie01/qemu/189",
            "ipconfig0": "ip=11.1.1.189/24,gw=11.1.1.1",
            "ipconfig1": null,
            "ipconfig10": null,
            "ipconfig11": null,
            "ipconfig12": null,
            "ipconfig13": null,
            "ipconfig14": null,
            "ipconfig15": null,
            "ipconfig2": null,
            "ipconfig3": null,
            "ipconfig4": null,
            "ipconfig5": null,
            "ipconfig6": null,
            "ipconfig7": null,
            "ipconfig8": null,
            "ipconfig9": null,
            "kvm": true,
            "linked_vmid": 0,
            "machine": "",
            "memory": 2048,
            "name": "demo-templateSrv",
            "nameserver": null,
            "network": [
              {
                "bridge": "vmbr10",
                "firewall": false,
                "id": 0,
                "link_down": false,
                "macaddr": "bc:24:11:32:2a:66",
                "model": "virtio",
                "mtu": 0,
                "queues": 0,
                "rate": 0,
                "tag": 1
              }
            ],
            "numa": false,
            "onboot": false,
            "os_network_config": null,
            "os_type": "cloud-init",
            "pci": [],
            "pcis": [],
            "pool": "",
            "protection": false,
            "pxe": null,
            "qemu_os": "l26",
            "reboot_required": false,
            "rng": [],
            "scsihw": "virtio-scsi-pci",
            "searchdomain": null,
            "serial": [],
            "skip_ipv4": false,
            "skip_ipv6": false,
            "smbios": [
              {
                "family": "",
                "manufacturer": "",
                "product": "",
                "serial": "",
                "sku": "",
                "uuid": "f68ddb60-ef65-4def-8041-a7f009cdbfe9",
                "version": ""
              }
            ],
            "sockets": 0,
            "ssh_forward_ip": null,
            "ssh_host": "11.1.1.189",
            "ssh_port": "22",
            "ssh_private_key": null,
            "ssh_user": null,
            "sshkeys": "ssh-rsa AAAAB3NzaC1yc2EAAAADAQABAAACAQCTEv94K1Fdq5Hksz6ltZGQAXtam8olX/BXzKLfai9PrAG9sEJdhNLqIdVj0Jffq2z3xw3oLaKNYmlb5zv4UYxeAG7AOIVKNXPTInbbpkbg5mO8iuLOdoCIDOqa5Zv9SdVCNWG+K45pXtKqHUUlyODOdsWn/JcvSL2vP1Np93qilvObA2ueXnDAEFKEbOrtiIZiyI/oxfX7VBWSfMQHFrJgNyiXphhj7xH/8iZeuXAF70q4x+a+hAP+hwqbHQbR15X68jypwfSBut199o+2pUNFqB8IMlCLwUzJH1ZG2Ho6tHeWMOfa1Nbzu5vbEtPjtUGw/qbmoJ94TI4z1mebiJiIxA1h9SJFZ85FmMwVopy5fso36Bz58OWUlFBBwj5brXapDI5AGXgDBvX1TE77Rl27xJ2J0UWnp9mLtC8HvWw/ea8ZFXMK1A9M8QHhyY/NTAJJM43C523GVVbdF/fcYnQq2ZyQHvMknR64cZqI0Qq1I5IhtHj6Qx1N3iuGaMqXdumOqTjmnSnIgT5HWOJwJpgjbHxIGFWjUtZUf1/q+aqQlPQBqRfeps6LPonF0nsXE3pZHQvXLo0bg01h5CbBZucjeTLJUwDUs8YibTnTwL7eTJEsUa5x5XEaqOlxaETbv59hwIDktH9KmiRdnCjpsjHKzicmA+3REnYzR8n93IqGJQ== amattar@proton.me\n",
            "startup": "",
            "tablet": true,
            "tags": "vpsie_vcop_demo-templatesrv",
            "target_node": "s1vpsie01",
            "target_nodes": null,
            "timeouts": null,
            "tpm_state": [],
            "unused_disk": [],
            "usb": [],
            "usbs": [],
            "vcpus": 0,
            "vga": [],
            "vm_state": "running",
            "vmid": 189
          },
          "sensitive_attributes": [
            [
              {
                "type": "get_attr",
                "value": "cipassword"
              }
            ],
            [
              {
                "type": "get_attr",
                "value": "ssh_private_key"
              }
            ]
          ],
          "identity_schema_version": 0,
          "private": "eyJlMmJmYjczMC1lY2FhLTExZTYtOGY4OC0zNDM2M2JjN2M0YzAiOnsiY3JlYXRlIjoxMjAwMDAwMDAwMDAwLCJkZWZhdWx0IjoxMjAwMDAwMDAwMDAwLCJkZWxldGUiOjEyMDAwMDAwMDAwMDAsInJlYWQiOjEyMDAwMDAwMDAwMDAsInVwZGF0ZSI6MTIwMDAwMDAwMDAwMH19"
        }
      ]
    }
  ],
  "check_results": null
}
